// !$*UTF8*$!
{
	archiveVersion = 1;
	classes = {
	};
	objectVersion = 46;
	objects = {

/* Begin PBXAggregateTarget section */
		1C7666E915B947F4002C3F6C /* Framework */ = {
			isa = PBXAggregateTarget;
			buildConfigurationList = 1C7666EA15B947F4002C3F6C /* Build configuration list for PBXAggregateTarget "Framework" */;
			buildPhases = (
				1C7666EF15B94818002C3F6C /* ShellScript */,
			);
			dependencies = (
				1C7666EE15B947FC002C3F6C /* PBXTargetDependency */,
			);
			name = Framework;
			productName = GGNetworkFramework;
		};
		1CC3949115BE663D001AB225 /* Version */ = {
			isa = PBXAggregateTarget;
			buildConfigurationList = 1CC3949415BE663D001AB225 /* Build configuration list for PBXAggregateTarget "Version" */;
			buildPhases = (
				1CC3949815BE6924001AB225 /* ShellScript */,
			);
			dependencies = (
			);
			name = Version;
			productName = Version;
		};
/* End PBXAggregateTarget section */

/* Begin PBXBuildFile section */
		1C087AC71580FB66001C4060 /* UIKit.framework in Frameworks */ = {isa = PBXBuildFile; fileRef = 1C087AAA1580FB1E001C4060 /* UIKit.framework */; };
		1C087AC81580FB66001C4060 /* Foundation.framework in Frameworks */ = {isa = PBXBuildFile; fileRef = 1C087AAC1580FB1E001C4060 /* Foundation.framework */; };
		1C087AC91580FB66001C4060 /* CoreGraphics.framework in Frameworks */ = {isa = PBXBuildFile; fileRef = 1C087AAE1580FB1E001C4060 /* CoreGraphics.framework */; };
		1C2DE7DB15C67E45004AC42E /* SBJsonParser.h in Headers */ = {isa = PBXBuildFile; fileRef = 1C2DE7D815C67BAD004AC42E /* SBJsonParser.h */; };
		1C2DE7DC15C67E45004AC42E /* SBJsonWriter.h in Headers */ = {isa = PBXBuildFile; fileRef = 1C2DE7D915C67BAD004AC42E /* SBJsonWriter.h */; };
		1C2F54351665F572008823F4 /* GGDataManager.h in Headers */ = {isa = PBXBuildFile; fileRef = 1C2F54291665F572008823F4 /* GGDataManager.h */; };
		1C2F54361665F572008823F4 /* GGDataManager.m in Sources */ = {isa = PBXBuildFile; fileRef = 1C2F542A1665F572008823F4 /* GGDataManager.m */; };
		1C2F54371665F572008823F4 /* GGDataManagerTicket.h in Headers */ = {isa = PBXBuildFile; fileRef = 1C2F542B1665F572008823F4 /* GGDataManagerTicket.h */; };
		1C2F54381665F572008823F4 /* GGDataManagerTicket.m in Sources */ = {isa = PBXBuildFile; fileRef = 1C2F542C1665F572008823F4 /* GGDataManagerTicket.m */; };
		1C2F54391665F572008823F4 /* GGDataStorage.h in Headers */ = {isa = PBXBuildFile; fileRef = 1C2F542D1665F572008823F4 /* GGDataStorage.h */; };
		1C2F543A1665F572008823F4 /* GGDataStorage.m in Sources */ = {isa = PBXBuildFile; fileRef = 1C2F542E1665F572008823F4 /* GGDataStorage.m */; };
		1C2F543B1665F572008823F4 /* GGObjectPropertyInspector.h in Headers */ = {isa = PBXBuildFile; fileRef = 1C2F542F1665F572008823F4 /* GGObjectPropertyInspector.h */; };
		1C2F543C1665F572008823F4 /* GGObjectPropertyInspector.m in Sources */ = {isa = PBXBuildFile; fileRef = 1C2F54301665F572008823F4 /* GGObjectPropertyInspector.m */; };
		1C2F543D1665F572008823F4 /* GGResourceAttributeMapping.h in Headers */ = {isa = PBXBuildFile; fileRef = 1C2F54311665F572008823F4 /* GGResourceAttributeMapping.h */; };
		1C2F543E1665F572008823F4 /* GGResourceAttributeMapping.m in Sources */ = {isa = PBXBuildFile; fileRef = 1C2F54321665F572008823F4 /* GGResourceAttributeMapping.m */; };
		1C2F543F1665F572008823F4 /* GGResourceConfig.h in Headers */ = {isa = PBXBuildFile; fileRef = 1C2F54331665F572008823F4 /* GGResourceConfig.h */; };
		1C2F54401665F572008823F4 /* GGResourceConfig.m in Sources */ = {isa = PBXBuildFile; fileRef = 1C2F54341665F572008823F4 /* GGResourceConfig.m */; };
		1C31324615B6C4940099B037 /* CFNetwork.framework in Frameworks */ = {isa = PBXBuildFile; fileRef = 1C31323C15B6C4260099B037 /* CFNetwork.framework */; };
		1C31324715B6C4940099B037 /* Security.framework in Frameworks */ = {isa = PBXBuildFile; fileRef = 1C31323F15B6C4280099B037 /* Security.framework */; };
		1C31324815B6C4940099B037 /* SystemConfiguration.framework in Frameworks */ = {isa = PBXBuildFile; fileRef = 1C31324015B6C4290099B037 /* SystemConfiguration.framework */; };
		1C31324B15B6C4A20099B037 /* libz.1.dylib in Frameworks */ = {isa = PBXBuildFile; fileRef = 1C31323D15B6C4270099B037 /* libz.1.dylib */; };
		1C46287016663551001FAE72 /* TestModel.xcdatamodeld in Sources */ = {isa = PBXBuildFile; fileRef = 1C46286E16663551001FAE72 /* TestModel.xcdatamodeld */; };
		1C46288B16663BF3001FAE72 /* TestCityModel.m in Sources */ = {isa = PBXBuildFile; fileRef = 1C46288216663BF2001FAE72 /* TestCityModel.m */; };
		1C46288C16663BF3001FAE72 /* TestItemDetailsModel.m in Sources */ = {isa = PBXBuildFile; fileRef = 1C46288416663BF2001FAE72 /* TestItemDetailsModel.m */; };
		1C46288D16663BF3001FAE72 /* TestItemModel.m in Sources */ = {isa = PBXBuildFile; fileRef = 1C46288616663BF2001FAE72 /* TestItemModel.m */; };
		1C46288E16663BF3001FAE72 /* TestMetroModel.m in Sources */ = {isa = PBXBuildFile; fileRef = 1C46288816663BF2001FAE72 /* TestMetroModel.m */; };
		1C46288F16663BF3001FAE72 /* TestRubricModel.m in Sources */ = {isa = PBXBuildFile; fileRef = 1C46288A16663BF3001FAE72 /* TestRubricModel.m */; };
		1C46289216664E81001FAE72 /* GGTestTest.m in Sources */ = {isa = PBXBuildFile; fileRef = 1C46289116664E81001FAE72 /* GGTestTest.m */; };
		1C46289516665023001FAE72 /* GGObjectPropertyInspectorUnknownClass.h in Headers */ = {isa = PBXBuildFile; fileRef = 1C46289316665023001FAE72 /* GGObjectPropertyInspectorUnknownClass.h */; };
		1C46289616665023001FAE72 /* GGObjectPropertyInspectorUnknownClass.m in Sources */ = {isa = PBXBuildFile; fileRef = 1C46289416665023001FAE72 /* GGObjectPropertyInspectorUnknownClass.m */; };
		1C48509316661ADF00417211 /* GGDataStorageTest.m in Sources */ = {isa = PBXBuildFile; fileRef = 1C48509216661ADF00417211 /* GGDataStorageTest.m */; };
		1C48509616661B1300417211 /* GGDataManagerTest.m in Sources */ = {isa = PBXBuildFile; fileRef = 1C48509516661B1300417211 /* GGDataManagerTest.m */; };
		1C48509916661B4400417211 /* GGObjectPropertyInspectorTest.m in Sources */ = {isa = PBXBuildFile; fileRef = 1C48509816661B4400417211 /* GGObjectPropertyInspectorTest.m */; };
		1C48509B16662B6000417211 /* CoreData.framework in Frameworks */ = {isa = PBXBuildFile; fileRef = 1C48509A16662B6000417211 /* CoreData.framework */; };
		1C4D897115BAC2BE00FB6CC6 /* GGHTTPGoogleAuthorizationProxy.h in Headers */ = {isa = PBXBuildFile; fileRef = 1C4D896F15BAC2BE00FB6CC6 /* GGHTTPGoogleAuthorizationProxy.h */; };
		1C4D897215BAC2BE00FB6CC6 /* GGHTTPGoogleAuthorizationProxy.m in Sources */ = {isa = PBXBuildFile; fileRef = 1C4D897015BAC2BE00FB6CC6 /* GGHTTPGoogleAuthorizationProxy.m */; };
		1C52214A15B9676F00E5E7BE /* GTMHTTPFetcher.m in Sources */ = {isa = PBXBuildFile; fileRef = 1C52212F15B9676F00E5E7BE /* GTMHTTPFetcher.m */; settings = {COMPILER_FLAGS = "-fno-objc-arc"; }; };
		1C52218D15B967E900E5E7BE /* GCDAsyncSocket.m in Sources */ = {isa = PBXBuildFile; fileRef = 1C52215A15B967E900E5E7BE /* GCDAsyncSocket.m */; };
		1C52218E15B967E900E5E7BE /* DDData.m in Sources */ = {isa = PBXBuildFile; fileRef = 1C52215E15B967E900E5E7BE /* DDData.m */; };
		1C52218F15B967E900E5E7BE /* DDNumber.m in Sources */ = {isa = PBXBuildFile; fileRef = 1C52216015B967E900E5E7BE /* DDNumber.m */; };
		1C52219015B967E900E5E7BE /* DDRange.m in Sources */ = {isa = PBXBuildFile; fileRef = 1C52216215B967E900E5E7BE /* DDRange.m */; };
		1C52219115B967E900E5E7BE /* HTTPAuthenticationRequest.m in Sources */ = {isa = PBXBuildFile; fileRef = 1C52216415B967E900E5E7BE /* HTTPAuthenticationRequest.m */; };
		1C52219215B967E900E5E7BE /* HTTPConnection.m in Sources */ = {isa = PBXBuildFile; fileRef = 1C52216615B967E900E5E7BE /* HTTPConnection.m */; };
		1C52219315B967E900E5E7BE /* HTTPMessage.m in Sources */ = {isa = PBXBuildFile; fileRef = 1C52216915B967E900E5E7BE /* HTTPMessage.m */; };
		1C52219415B967E900E5E7BE /* HTTPServer.m in Sources */ = {isa = PBXBuildFile; fileRef = 1C52216C15B967E900E5E7BE /* HTTPServer.m */; };
		1C52219515B967E900E5E7BE /* HTTPAsyncFileResponse.m in Sources */ = {isa = PBXBuildFile; fileRef = 1C52216F15B967E900E5E7BE /* HTTPAsyncFileResponse.m */; };
		1C52219615B967E900E5E7BE /* HTTPDataResponse.m in Sources */ = {isa = PBXBuildFile; fileRef = 1C52217115B967E900E5E7BE /* HTTPDataResponse.m */; };
		1C52219715B967E900E5E7BE /* HTTPDynamicFileResponse.m in Sources */ = {isa = PBXBuildFile; fileRef = 1C52217315B967E900E5E7BE /* HTTPDynamicFileResponse.m */; };
		1C52219815B967E900E5E7BE /* HTTPFileResponse.m in Sources */ = {isa = PBXBuildFile; fileRef = 1C52217515B967E900E5E7BE /* HTTPFileResponse.m */; };
		1C52219915B967E900E5E7BE /* HTTPRedirectResponse.m in Sources */ = {isa = PBXBuildFile; fileRef = 1C52217715B967E900E5E7BE /* HTTPRedirectResponse.m */; };
		1C52219A15B967E900E5E7BE /* WebSocket.m in Sources */ = {isa = PBXBuildFile; fileRef = 1C52217915B967E900E5E7BE /* WebSocket.m */; };
		1C52219C15B967E900E5E7BE /* DDASLLogger.m in Sources */ = {isa = PBXBuildFile; fileRef = 1C52217D15B967E900E5E7BE /* DDASLLogger.m */; };
		1C52219D15B967E900E5E7BE /* DDAbstractDatabaseLogger.m in Sources */ = {isa = PBXBuildFile; fileRef = 1C52217F15B967E900E5E7BE /* DDAbstractDatabaseLogger.m */; };
		1C52219E15B967E900E5E7BE /* DDFileLogger.m in Sources */ = {isa = PBXBuildFile; fileRef = 1C52218115B967E900E5E7BE /* DDFileLogger.m */; };
		1C52219F15B967E900E5E7BE /* DDLog.m in Sources */ = {isa = PBXBuildFile; fileRef = 1C52218315B967E900E5E7BE /* DDLog.m */; };
		1C5221A015B967E900E5E7BE /* DDTTYLogger.m in Sources */ = {isa = PBXBuildFile; fileRef = 1C52218515B967E900E5E7BE /* DDTTYLogger.m */; };
		1C5221A115B967E900E5E7BE /* ContextFilterLogFormatter.m in Sources */ = {isa = PBXBuildFile; fileRef = 1C52218815B967E900E5E7BE /* ContextFilterLogFormatter.m */; };
		1C5221A215B967E900E5E7BE /* DispatchQueueLogFormatter.m in Sources */ = {isa = PBXBuildFile; fileRef = 1C52218A15B967E900E5E7BE /* DispatchQueueLogFormatter.m */; };
		1C5221A315B967E900E5E7BE /* README.txt in Resources */ = {isa = PBXBuildFile; fileRef = 1C52218B15B967E900E5E7BE /* README.txt */; };
		1C5221AA15B9682D00E5E7BE /* GGCacheTest.m in Sources */ = {isa = PBXBuildFile; fileRef = 1C5221A615B9682D00E5E7BE /* GGCacheTest.m */; };
		1C5221AB15B9682D00E5E7BE /* GGNetworkTest.m in Sources */ = {isa = PBXBuildFile; fileRef = 1C5221A915B9682D00E5E7BE /* GGNetworkTest.m */; };
		1C5221AD15B9683B00E5E7BE /* Web in Resources */ = {isa = PBXBuildFile; fileRef = 1C5221AC15B9683B00E5E7BE /* Web */; };
		1C5221B115B9685500E5E7BE /* main.m in Sources */ = {isa = PBXBuildFile; fileRef = 1C5221AE15B9685500E5E7BE /* main.m */; };
		1C5221B415B968B700E5E7BE /* GHUnitIOS.framework in Frameworks */ = {isa = PBXBuildFile; fileRef = 1C5221B315B968B700E5E7BE /* GHUnitIOS.framework */; };
		1C5221B815B969BF00E5E7BE /* GGTools-Prefix.pch in Headers */ = {isa = PBXBuildFile; fileRef = 1C5221B615B969BF00E5E7BE /* GGTools-Prefix.pch */; };
		1C5221B915B969BF00E5E7BE /* GGTools.h in Headers */ = {isa = PBXBuildFile; fileRef = 1C5221B715B969BF00E5E7BE /* GGTools.h */; settings = {ATTRIBUTES = (Public, ); }; };
		1C7666B615B9403E002C3F6C /* Foundation.framework in Frameworks */ = {isa = PBXBuildFile; fileRef = 1C087AAC1580FB1E001C4060 /* Foundation.framework */; };
		1C7666C715B9447F002C3F6C /* GGHTTPCache.m in Sources */ = {isa = PBXBuildFile; fileRef = 1C31319D15B69B770099B037 /* GGHTTPCache.m */; };
		1C7666C815B9447F002C3F6C /* GGHTTPCacheItem.m in Sources */ = {isa = PBXBuildFile; fileRef = 1C31319F15B69B770099B037 /* GGHTTPCacheItem.m */; };
		1C7666C915B9447F002C3F6C /* GGHTTPQueryBodyDataTransformer.m in Sources */ = {isa = PBXBuildFile; fileRef = 1C3131A315B69B770099B037 /* GGHTTPQueryBodyDataTransformer.m */; };
		1C7666CA15B9447F002C3F6C /* GGHTTPQueryBodyFormTransformer.m in Sources */ = {isa = PBXBuildFile; fileRef = 1C3131A715B69B770099B037 /* GGHTTPQueryBodyFormTransformer.m */; };
		1C7666CB15B9447F002C3F6C /* GGHTTPQueryBodyJSONTransformer.m in Sources */ = {isa = PBXBuildFile; fileRef = 1C3131A915B69B770099B037 /* GGHTTPQueryBodyJSONTransformer.m */; };
		1C7666CC15B9447F002C3F6C /* GGHTTPFetcher.m in Sources */ = {isa = PBXBuildFile; fileRef = 1C137C6815B6E6F00033FE44 /* GGHTTPFetcher.m */; };
		1C7666CD15B9447F002C3F6C /* GGHTTPGoogleFetcher.m in Sources */ = {isa = PBXBuildFile; fileRef = 1C137C7A15B717B00033FE44 /* GGHTTPGoogleFetcher.m */; };
		1C7666CE15B9447F002C3F6C /* GGHTTPService.m in Sources */ = {isa = PBXBuildFile; fileRef = 1C3131AB15B69B770099B037 /* GGHTTPService.m */; };
		1C7666CF15B9447F002C3F6C /* GGHTTPServiceTicket.m in Sources */ = {isa = PBXBuildFile; fileRef = 1C3131AD15B69B770099B037 /* GGHTTPServiceTicket.m */; };
		1C7666D015B9447F002C3F6C /* GGHTTPQuery.m in Sources */ = {isa = PBXBuildFile; fileRef = 1C3131AF15B69B770099B037 /* GGHTTPQuery.m */; };
		1C7666D115B9447F002C3F6C /* GGHTTPQueryBody.m in Sources */ = {isa = PBXBuildFile; fileRef = 1C3131B115B69B770099B037 /* GGHTTPQueryBody.m */; };
		1C7666D215B9447F002C3F6C /* GGHTTPConstants.m in Sources */ = {isa = PBXBuildFile; fileRef = 1C137C6D15B6EB350033FE44 /* GGHTTPConstants.m */; };
		1C7666D315B9447F002C3F6C /* GGHTTPQueryResult.m in Sources */ = {isa = PBXBuildFile; fileRef = 1C137C8615B828180033FE44 /* GGHTTPQueryResult.m */; };
		1C7666D415B9449E002C3F6C /* GGHTTPAuthorizationProtocol.h in Headers */ = {isa = PBXBuildFile; fileRef = 1C31319A15B69B770099B037 /* GGHTTPAuthorizationProtocol.h */; settings = {ATTRIBUTES = (Public, ); }; };
		1C7666D515B9449E002C3F6C /* GGHTTPCache.h in Headers */ = {isa = PBXBuildFile; fileRef = 1C31319C15B69B770099B037 /* GGHTTPCache.h */; settings = {ATTRIBUTES = (Public, ); }; };
		1C7666D615B9449E002C3F6C /* GGHTTPCacheItem.h in Headers */ = {isa = PBXBuildFile; fileRef = 1C31319E15B69B770099B037 /* GGHTTPCacheItem.h */; settings = {ATTRIBUTES = (Public, ); }; };
		1C7666D715B9449E002C3F6C /* GGHTTPCacheProtocol.h in Headers */ = {isa = PBXBuildFile; fileRef = 1C3131A015B69B770099B037 /* GGHTTPCacheProtocol.h */; settings = {ATTRIBUTES = (Public, ); }; };
		1C7666D815B9449E002C3F6C /* GGHTTPQueryBodyDataTransformer.h in Headers */ = {isa = PBXBuildFile; fileRef = 1C3131A215B69B770099B037 /* GGHTTPQueryBodyDataTransformer.h */; settings = {ATTRIBUTES = (Public, ); }; };
		1C7666D915B9449E002C3F6C /* GGHTTPQueryBodyDecoder.h in Headers */ = {isa = PBXBuildFile; fileRef = 1C3131A415B69B770099B037 /* GGHTTPQueryBodyDecoder.h */; settings = {ATTRIBUTES = (Public, ); }; };
		1C7666DA15B9449E002C3F6C /* GGHTTPQueryBodyEncoder.h in Headers */ = {isa = PBXBuildFile; fileRef = 1C3131A515B69B770099B037 /* GGHTTPQueryBodyEncoder.h */; settings = {ATTRIBUTES = (Public, ); }; };
		1C7666DB15B9449E002C3F6C /* GGHTTPQueryBodyFormTransformer.h in Headers */ = {isa = PBXBuildFile; fileRef = 1C3131A615B69B770099B037 /* GGHTTPQueryBodyFormTransformer.h */; settings = {ATTRIBUTES = (Public, ); }; };
		1C7666DC15B9449E002C3F6C /* GGHTTPQueryBodyJSONTransformer.h in Headers */ = {isa = PBXBuildFile; fileRef = 1C3131A815B69B770099B037 /* GGHTTPQueryBodyJSONTransformer.h */; settings = {ATTRIBUTES = (Public, ); }; };
		1C7666DD15B9449E002C3F6C /* GGHTTPFetcherProtocol.h in Headers */ = {isa = PBXBuildFile; fileRef = 1C31323515B6AF060099B037 /* GGHTTPFetcherProtocol.h */; settings = {ATTRIBUTES = (Public, ); }; };
		1C7666DE15B9449E002C3F6C /* GGHTTPFetcherDelegate.h in Headers */ = {isa = PBXBuildFile; fileRef = 1C31323715B6B4910099B037 /* GGHTTPFetcherDelegate.h */; settings = {ATTRIBUTES = (Public, ); }; };
		1C7666DF15B9449E002C3F6C /* GGHTTPFetcher.h in Headers */ = {isa = PBXBuildFile; fileRef = 1C137C6715B6E6F00033FE44 /* GGHTTPFetcher.h */; settings = {ATTRIBUTES = (Public, ); }; };
		1C7666E015B9449E002C3F6C /* GGHTTPGoogleFetcher.h in Headers */ = {isa = PBXBuildFile; fileRef = 1C137C7915B717B00033FE44 /* GGHTTPGoogleFetcher.h */; settings = {ATTRIBUTES = (Public, ); }; };
		1C7666E115B9449E002C3F6C /* GGHTTPService.h in Headers */ = {isa = PBXBuildFile; fileRef = 1C3131AA15B69B770099B037 /* GGHTTPService.h */; settings = {ATTRIBUTES = (Public, ); }; };
		1C7666E215B9449E002C3F6C /* GGHTTPServiceTicket.h in Headers */ = {isa = PBXBuildFile; fileRef = 1C3131AC15B69B770099B037 /* GGHTTPServiceTicket.h */; settings = {ATTRIBUTES = (Public, ); }; };
		1C7666E415B9449E002C3F6C /* GGHTTPQuery.h in Headers */ = {isa = PBXBuildFile; fileRef = 1C3131AE15B69B770099B037 /* GGHTTPQuery.h */; settings = {ATTRIBUTES = (Public, ); }; };
		1C7666E515B9449E002C3F6C /* GGHTTPQueryBody.h in Headers */ = {isa = PBXBuildFile; fileRef = 1C3131B015B69B770099B037 /* GGHTTPQueryBody.h */; settings = {ATTRIBUTES = (Public, ); }; };
		1C7666E615B9449E002C3F6C /* GGHTTPConstants.h in Headers */ = {isa = PBXBuildFile; fileRef = 1C137C6C15B6EB340033FE44 /* GGHTTPConstants.h */; settings = {ATTRIBUTES = (Public, ); }; };
		1C7666E715B9449E002C3F6C /* GGHTTPQueryResult.h in Headers */ = {isa = PBXBuildFile; fileRef = 1C137C8515B828160033FE44 /* GGHTTPQueryResult.h */; settings = {ATTRIBUTES = (Public, ); }; };
		1C7666F415B94EB5002C3F6C /* NSDate+GGExtra.h in Headers */ = {isa = PBXBuildFile; fileRef = 1C31322915B6ADAE0099B037 /* NSDate+GGExtra.h */; settings = {ATTRIBUTES = (Public, ); }; };
		1C7666F515B94EB5002C3F6C /* NSURL+GGQueryParameters.h in Headers */ = {isa = PBXBuildFile; fileRef = 1C31322B15B6ADAE0099B037 /* NSURL+GGQueryParameters.h */; settings = {ATTRIBUTES = (Public, ); }; };
		1C7666F615B94EB5002C3F6C /* UIDevice+GGUUID.h in Headers */ = {isa = PBXBuildFile; fileRef = 1C31322D15B6ADAE0099B037 /* UIDevice+GGUUID.h */; settings = {ATTRIBUTES = (Public, ); }; };
		1C7666F715B94EB5002C3F6C /* NSDictionary+GGURL.h in Headers */ = {isa = PBXBuildFile; fileRef = 1C31322115B6AB8A0099B037 /* NSDictionary+GGURL.h */; settings = {ATTRIBUTES = (Public, ); }; };
		1C7666F815B94EB5002C3F6C /* NSString+GGEscape.h in Headers */ = {isa = PBXBuildFile; fileRef = 1C31322315B6AB8A0099B037 /* NSString+GGEscape.h */; settings = {ATTRIBUTES = (Public, ); }; };
		1C7666F915B94EB5002C3F6C /* NSError+GGExtra.h in Headers */ = {isa = PBXBuildFile; fileRef = 1C3131EA15B6AB170099B037 /* NSError+GGExtra.h */; settings = {ATTRIBUTES = (Public, ); }; };
		1C7666FA15B94EB5002C3F6C /* NSString+GGCrypto.h in Headers */ = {isa = PBXBuildFile; fileRef = 1C3131E615B6AACC0099B037 /* NSString+GGCrypto.h */; settings = {ATTRIBUTES = (Public, ); }; };
		1C7666FB15B94EB5002C3F6C /* GGCache.h in Headers */ = {isa = PBXBuildFile; fileRef = 1C087AE01580FDC5001C4060 /* GGCache.h */; settings = {ATTRIBUTES = (Public, ); }; };
		1C7666FC15B94EB5002C3F6C /* GGCacheItem.h in Headers */ = {isa = PBXBuildFile; fileRef = 1C087AE21580FDC5001C4060 /* GGCacheItem.h */; settings = {ATTRIBUTES = (Public, ); }; };
		1C7666FD15B94ECE002C3F6C /* NSDate+GGExtra.m in Sources */ = {isa = PBXBuildFile; fileRef = 1C31322A15B6ADAE0099B037 /* NSDate+GGExtra.m */; };
		1C7666FE15B94ECE002C3F6C /* NSURL+GGQueryParameters.m in Sources */ = {isa = PBXBuildFile; fileRef = 1C31322C15B6ADAE0099B037 /* NSURL+GGQueryParameters.m */; };
		1C7666FF15B94ECE002C3F6C /* UIDevice+GGUUID.m in Sources */ = {isa = PBXBuildFile; fileRef = 1C31322E15B6ADAE0099B037 /* UIDevice+GGUUID.m */; };
		1C76670015B94ECE002C3F6C /* NSDictionary+GGURL.m in Sources */ = {isa = PBXBuildFile; fileRef = 1C31322215B6AB8A0099B037 /* NSDictionary+GGURL.m */; };
		1C76670115B94ECE002C3F6C /* NSString+GGEscape.m in Sources */ = {isa = PBXBuildFile; fileRef = 1C31322415B6AB8A0099B037 /* NSString+GGEscape.m */; };
		1C76670215B94ECE002C3F6C /* NSError+GGExtra.m in Sources */ = {isa = PBXBuildFile; fileRef = 1C3131EB15B6AB170099B037 /* NSError+GGExtra.m */; };
		1C76670315B94ECE002C3F6C /* NSString+GGCrypto.m in Sources */ = {isa = PBXBuildFile; fileRef = 1C3131E715B6AACC0099B037 /* NSString+GGCrypto.m */; };
		1C76670415B94ECE002C3F6C /* GGCache.m in Sources */ = {isa = PBXBuildFile; fileRef = 1C087AE11580FDC5001C4060 /* GGCache.m */; };
		1C76670515B94ECE002C3F6C /* GGCacheItem.m in Sources */ = {isa = PBXBuildFile; fileRef = 1C087AE31580FDC5001C4060 /* GGCacheItem.m */; };
		1C97128C15C291180001A7C9 /* GGNetworkActivityIndicator.h in Headers */ = {isa = PBXBuildFile; fileRef = 1C97128A15C291180001A7C9 /* GGNetworkActivityIndicator.h */; settings = {ATTRIBUTES = (Public, ); }; };
		1C97128D15C291180001A7C9 /* GGNetworkActivityIndicator.m in Sources */ = {isa = PBXBuildFile; fileRef = 1C97128B15C291180001A7C9 /* GGNetworkActivityIndicator.m */; };
		1CA8CC5315B96FBB00EF259E /* libGGTools.a in Frameworks */ = {isa = PBXBuildFile; fileRef = 1C7666B515B9403E002C3F6C /* libGGTools.a */; };
		1CB31C2E15EB59450033868B /* GGHTTPServiceInternalTicket.h in Headers */ = {isa = PBXBuildFile; fileRef = 1CB31C2C15EB59440033868B /* GGHTTPServiceInternalTicket.h */; };
		1CB31C3015EB59450033868B /* GGHTTPServiceInternalTicket.m in Sources */ = {isa = PBXBuildFile; fileRef = 1CB31C2D15EB59450033868B /* GGHTTPServiceInternalTicket.m */; };
		1CC3949A15BE6A78001AB225 /* GGToolsVersion.h in Headers */ = {isa = PBXBuildFile; fileRef = 1CC3949915BE6A78001AB225 /* GGToolsVersion.h */; settings = {ATTRIBUTES = (Public, ); }; };
/* End PBXBuildFile section */

/* Begin PBXContainerItemProxy section */
		1C7666ED15B947FC002C3F6C /* PBXContainerItemProxy */ = {
			isa = PBXContainerItemProxy;
			containerPortal = 1C087A9D1580FB1D001C4060 /* Project object */;
			proxyType = 1;
			remoteGlobalIDString = 1C7666B415B9403E002C3F6C;
			remoteInfo = GGNetwork;
		};
		1CA8CC5115B96F8100EF259E /* PBXContainerItemProxy */ = {
			isa = PBXContainerItemProxy;
			containerPortal = 1C087A9D1580FB1D001C4060 /* Project object */;
			proxyType = 1;
			remoteGlobalIDString = 1C7666B415B9403E002C3F6C;
			remoteInfo = GGTools;
		};
		1CC3949615BE6914001AB225 /* PBXContainerItemProxy */ = {
			isa = PBXContainerItemProxy;
			containerPortal = 1C087A9D1580FB1D001C4060 /* Project object */;
			proxyType = 1;
			remoteGlobalIDString = 1CC3949115BE663D001AB225;
			remoteInfo = Version;
		};
/* End PBXContainerItemProxy section */

/* Begin PBXFileReference section */
		1C087AAA1580FB1E001C4060 /* UIKit.framework */ = {isa = PBXFileReference; lastKnownFileType = wrapper.framework; name = UIKit.framework; path = System/Library/Frameworks/UIKit.framework; sourceTree = SDKROOT; };
		1C087AAC1580FB1E001C4060 /* Foundation.framework */ = {isa = PBXFileReference; lastKnownFileType = wrapper.framework; name = Foundation.framework; path = System/Library/Frameworks/Foundation.framework; sourceTree = SDKROOT; };
		1C087AAE1580FB1E001C4060 /* CoreGraphics.framework */ = {isa = PBXFileReference; lastKnownFileType = wrapper.framework; name = CoreGraphics.framework; path = System/Library/Frameworks/CoreGraphics.framework; sourceTree = SDKROOT; };
		1C087AC51580FB66001C4060 /* Tests.app */ = {isa = PBXFileReference; explicitFileType = wrapper.application; includeInIndex = 0; path = Tests.app; sourceTree = BUILT_PRODUCTS_DIR; };
		1C087AE01580FDC5001C4060 /* GGCache.h */ = {isa = PBXFileReference; fileEncoding = 4; lastKnownFileType = sourcecode.c.h; path = GGCache.h; sourceTree = "<group>"; };
		1C087AE11580FDC5001C4060 /* GGCache.m */ = {isa = PBXFileReference; fileEncoding = 4; lastKnownFileType = sourcecode.c.objc; path = GGCache.m; sourceTree = "<group>"; };
		1C087AE21580FDC5001C4060 /* GGCacheItem.h */ = {isa = PBXFileReference; fileEncoding = 4; lastKnownFileType = sourcecode.c.h; path = GGCacheItem.h; sourceTree = "<group>"; };
		1C087AE31580FDC5001C4060 /* GGCacheItem.m */ = {isa = PBXFileReference; fileEncoding = 4; lastKnownFileType = sourcecode.c.objc; path = GGCacheItem.m; sourceTree = "<group>"; };
		1C137C6715B6E6F00033FE44 /* GGHTTPFetcher.h */ = {isa = PBXFileReference; fileEncoding = 4; lastKnownFileType = sourcecode.c.h; name = GGHTTPFetcher.h; path = Fetcher/GGHTTPFetcher.h; sourceTree = "<group>"; };
		1C137C6815B6E6F00033FE44 /* GGHTTPFetcher.m */ = {isa = PBXFileReference; fileEncoding = 4; lastKnownFileType = sourcecode.c.objc; name = GGHTTPFetcher.m; path = Fetcher/GGHTTPFetcher.m; sourceTree = "<group>"; };
		1C137C6C15B6EB340033FE44 /* GGHTTPConstants.h */ = {isa = PBXFileReference; fileEncoding = 4; lastKnownFileType = sourcecode.c.h; path = GGHTTPConstants.h; sourceTree = "<group>"; };
		1C137C6D15B6EB350033FE44 /* GGHTTPConstants.m */ = {isa = PBXFileReference; fileEncoding = 4; lastKnownFileType = sourcecode.c.objc; path = GGHTTPConstants.m; sourceTree = "<group>"; };
		1C137C7915B717B00033FE44 /* GGHTTPGoogleFetcher.h */ = {isa = PBXFileReference; fileEncoding = 4; lastKnownFileType = sourcecode.c.h; name = GGHTTPGoogleFetcher.h; path = Fetcher/GGHTTPGoogleFetcher.h; sourceTree = "<group>"; };
		1C137C7A15B717B00033FE44 /* GGHTTPGoogleFetcher.m */ = {isa = PBXFileReference; fileEncoding = 4; lastKnownFileType = sourcecode.c.objc; name = GGHTTPGoogleFetcher.m; path = Fetcher/GGHTTPGoogleFetcher.m; sourceTree = "<group>"; };
		1C137C8515B828160033FE44 /* GGHTTPQueryResult.h */ = {isa = PBXFileReference; fileEncoding = 4; lastKnownFileType = sourcecode.c.h; path = GGHTTPQueryResult.h; sourceTree = "<group>"; };
		1C137C8615B828180033FE44 /* GGHTTPQueryResult.m */ = {isa = PBXFileReference; fileEncoding = 4; lastKnownFileType = sourcecode.c.objc; path = GGHTTPQueryResult.m; sourceTree = "<group>"; };
		1C137C8915B82EB30033FE44 /* GGHTTPServiceTicket+Private.h */ = {isa = PBXFileReference; lastKnownFileType = sourcecode.c.h; path = "GGHTTPServiceTicket+Private.h"; sourceTree = "<group>"; };
		1C2DE7D815C67BAD004AC42E /* SBJsonParser.h */ = {isa = PBXFileReference; lastKnownFileType = sourcecode.c.h; path = SBJsonParser.h; sourceTree = "<group>"; };
		1C2DE7D915C67BAD004AC42E /* SBJsonWriter.h */ = {isa = PBXFileReference; lastKnownFileType = sourcecode.c.h; path = SBJsonWriter.h; sourceTree = "<group>"; };
		1C2F54291665F572008823F4 /* GGDataManager.h */ = {isa = PBXFileReference; fileEncoding = 4; lastKnownFileType = sourcecode.c.h; path = GGDataManager.h; sourceTree = "<group>"; };
		1C2F542A1665F572008823F4 /* GGDataManager.m */ = {isa = PBXFileReference; fileEncoding = 4; lastKnownFileType = sourcecode.c.objc; path = GGDataManager.m; sourceTree = "<group>"; };
		1C2F542B1665F572008823F4 /* GGDataManagerTicket.h */ = {isa = PBXFileReference; fileEncoding = 4; lastKnownFileType = sourcecode.c.h; path = GGDataManagerTicket.h; sourceTree = "<group>"; };
		1C2F542C1665F572008823F4 /* GGDataManagerTicket.m */ = {isa = PBXFileReference; fileEncoding = 4; lastKnownFileType = sourcecode.c.objc; path = GGDataManagerTicket.m; sourceTree = "<group>"; };
		1C2F542D1665F572008823F4 /* GGDataStorage.h */ = {isa = PBXFileReference; fileEncoding = 4; lastKnownFileType = sourcecode.c.h; path = GGDataStorage.h; sourceTree = "<group>"; };
		1C2F542E1665F572008823F4 /* GGDataStorage.m */ = {isa = PBXFileReference; fileEncoding = 4; lastKnownFileType = sourcecode.c.objc; path = GGDataStorage.m; sourceTree = "<group>"; };
		1C2F542F1665F572008823F4 /* GGObjectPropertyInspector.h */ = {isa = PBXFileReference; fileEncoding = 4; lastKnownFileType = sourcecode.c.h; path = GGObjectPropertyInspector.h; sourceTree = "<group>"; };
		1C2F54301665F572008823F4 /* GGObjectPropertyInspector.m */ = {isa = PBXFileReference; fileEncoding = 4; lastKnownFileType = sourcecode.c.objc; path = GGObjectPropertyInspector.m; sourceTree = "<group>"; };
		1C2F54311665F572008823F4 /* GGResourceAttributeMapping.h */ = {isa = PBXFileReference; fileEncoding = 4; lastKnownFileType = sourcecode.c.h; path = GGResourceAttributeMapping.h; sourceTree = "<group>"; };
		1C2F54321665F572008823F4 /* GGResourceAttributeMapping.m */ = {isa = PBXFileReference; fileEncoding = 4; lastKnownFileType = sourcecode.c.objc; path = GGResourceAttributeMapping.m; sourceTree = "<group>"; };
		1C2F54331665F572008823F4 /* GGResourceConfig.h */ = {isa = PBXFileReference; fileEncoding = 4; lastKnownFileType = sourcecode.c.h; path = GGResourceConfig.h; sourceTree = "<group>"; };
		1C2F54341665F572008823F4 /* GGResourceConfig.m */ = {isa = PBXFileReference; fileEncoding = 4; lastKnownFileType = sourcecode.c.objc; path = GGResourceConfig.m; sourceTree = "<group>"; };
		1C31319A15B69B770099B037 /* GGHTTPAuthorizationProtocol.h */ = {isa = PBXFileReference; fileEncoding = 4; lastKnownFileType = sourcecode.c.h; path = GGHTTPAuthorizationProtocol.h; sourceTree = "<group>"; };
		1C31319C15B69B770099B037 /* GGHTTPCache.h */ = {isa = PBXFileReference; fileEncoding = 4; lastKnownFileType = sourcecode.c.h; path = GGHTTPCache.h; sourceTree = "<group>"; };
		1C31319D15B69B770099B037 /* GGHTTPCache.m */ = {isa = PBXFileReference; fileEncoding = 4; lastKnownFileType = sourcecode.c.objc; path = GGHTTPCache.m; sourceTree = "<group>"; };
		1C31319E15B69B770099B037 /* GGHTTPCacheItem.h */ = {isa = PBXFileReference; fileEncoding = 4; lastKnownFileType = sourcecode.c.h; path = GGHTTPCacheItem.h; sourceTree = "<group>"; };
		1C31319F15B69B770099B037 /* GGHTTPCacheItem.m */ = {isa = PBXFileReference; fileEncoding = 4; lastKnownFileType = sourcecode.c.objc; path = GGHTTPCacheItem.m; sourceTree = "<group>"; };
		1C3131A015B69B770099B037 /* GGHTTPCacheProtocol.h */ = {isa = PBXFileReference; fileEncoding = 4; lastKnownFileType = sourcecode.c.h; path = GGHTTPCacheProtocol.h; sourceTree = "<group>"; };
		1C3131A215B69B770099B037 /* GGHTTPQueryBodyDataTransformer.h */ = {isa = PBXFileReference; fileEncoding = 4; lastKnownFileType = sourcecode.c.h; path = GGHTTPQueryBodyDataTransformer.h; sourceTree = "<group>"; };
		1C3131A315B69B770099B037 /* GGHTTPQueryBodyDataTransformer.m */ = {isa = PBXFileReference; fileEncoding = 4; lastKnownFileType = sourcecode.c.objc; path = GGHTTPQueryBodyDataTransformer.m; sourceTree = "<group>"; };
		1C3131A415B69B770099B037 /* GGHTTPQueryBodyDecoder.h */ = {isa = PBXFileReference; fileEncoding = 4; lastKnownFileType = sourcecode.c.h; path = GGHTTPQueryBodyDecoder.h; sourceTree = "<group>"; };
		1C3131A515B69B770099B037 /* GGHTTPQueryBodyEncoder.h */ = {isa = PBXFileReference; fileEncoding = 4; lastKnownFileType = sourcecode.c.h; path = GGHTTPQueryBodyEncoder.h; sourceTree = "<group>"; };
		1C3131A615B69B770099B037 /* GGHTTPQueryBodyFormTransformer.h */ = {isa = PBXFileReference; fileEncoding = 4; lastKnownFileType = sourcecode.c.h; path = GGHTTPQueryBodyFormTransformer.h; sourceTree = "<group>"; };
		1C3131A715B69B770099B037 /* GGHTTPQueryBodyFormTransformer.m */ = {isa = PBXFileReference; fileEncoding = 4; lastKnownFileType = sourcecode.c.objc; path = GGHTTPQueryBodyFormTransformer.m; sourceTree = "<group>"; };
		1C3131A815B69B770099B037 /* GGHTTPQueryBodyJSONTransformer.h */ = {isa = PBXFileReference; fileEncoding = 4; lastKnownFileType = sourcecode.c.h; path = GGHTTPQueryBodyJSONTransformer.h; sourceTree = "<group>"; };
		1C3131A915B69B770099B037 /* GGHTTPQueryBodyJSONTransformer.m */ = {isa = PBXFileReference; fileEncoding = 4; lastKnownFileType = sourcecode.c.objc; path = GGHTTPQueryBodyJSONTransformer.m; sourceTree = "<group>"; };
		1C3131AA15B69B770099B037 /* GGHTTPService.h */ = {isa = PBXFileReference; fileEncoding = 4; lastKnownFileType = sourcecode.c.h; path = GGHTTPService.h; sourceTree = "<group>"; };
		1C3131AB15B69B770099B037 /* GGHTTPService.m */ = {isa = PBXFileReference; fileEncoding = 4; lastKnownFileType = sourcecode.c.objc; path = GGHTTPService.m; sourceTree = "<group>"; };
		1C3131AC15B69B770099B037 /* GGHTTPServiceTicket.h */ = {isa = PBXFileReference; fileEncoding = 4; lastKnownFileType = sourcecode.c.h; path = GGHTTPServiceTicket.h; sourceTree = "<group>"; };
		1C3131AD15B69B770099B037 /* GGHTTPServiceTicket.m */ = {isa = PBXFileReference; fileEncoding = 4; lastKnownFileType = sourcecode.c.objc; path = GGHTTPServiceTicket.m; sourceTree = "<group>"; };
		1C3131AE15B69B770099B037 /* GGHTTPQuery.h */ = {isa = PBXFileReference; fileEncoding = 4; lastKnownFileType = sourcecode.c.h; path = GGHTTPQuery.h; sourceTree = "<group>"; };
		1C3131AF15B69B770099B037 /* GGHTTPQuery.m */ = {isa = PBXFileReference; fileEncoding = 4; lastKnownFileType = sourcecode.c.objc; path = GGHTTPQuery.m; sourceTree = "<group>"; };
		1C3131B015B69B770099B037 /* GGHTTPQueryBody.h */ = {isa = PBXFileReference; fileEncoding = 4; lastKnownFileType = sourcecode.c.h; path = GGHTTPQueryBody.h; sourceTree = "<group>"; };
		1C3131B115B69B770099B037 /* GGHTTPQueryBody.m */ = {isa = PBXFileReference; fileEncoding = 4; lastKnownFileType = sourcecode.c.objc; path = GGHTTPQueryBody.m; sourceTree = "<group>"; };
		1C3131E615B6AACC0099B037 /* NSString+GGCrypto.h */ = {isa = PBXFileReference; fileEncoding = 4; lastKnownFileType = sourcecode.c.h; path = "NSString+GGCrypto.h"; sourceTree = "<group>"; };
		1C3131E715B6AACC0099B037 /* NSString+GGCrypto.m */ = {isa = PBXFileReference; fileEncoding = 4; lastKnownFileType = sourcecode.c.objc; path = "NSString+GGCrypto.m"; sourceTree = "<group>"; };
		1C3131EA15B6AB170099B037 /* NSError+GGExtra.h */ = {isa = PBXFileReference; fileEncoding = 4; lastKnownFileType = sourcecode.c.h; path = "NSError+GGExtra.h"; sourceTree = "<group>"; };
		1C3131EB15B6AB170099B037 /* NSError+GGExtra.m */ = {isa = PBXFileReference; fileEncoding = 4; lastKnownFileType = sourcecode.c.objc; path = "NSError+GGExtra.m"; sourceTree = "<group>"; };
		1C31322115B6AB8A0099B037 /* NSDictionary+GGURL.h */ = {isa = PBXFileReference; fileEncoding = 4; lastKnownFileType = sourcecode.c.h; path = "NSDictionary+GGURL.h"; sourceTree = "<group>"; };
		1C31322215B6AB8A0099B037 /* NSDictionary+GGURL.m */ = {isa = PBXFileReference; fileEncoding = 4; lastKnownFileType = sourcecode.c.objc; path = "NSDictionary+GGURL.m"; sourceTree = "<group>"; };
		1C31322315B6AB8A0099B037 /* NSString+GGEscape.h */ = {isa = PBXFileReference; fileEncoding = 4; lastKnownFileType = sourcecode.c.h; path = "NSString+GGEscape.h"; sourceTree = "<group>"; };
		1C31322415B6AB8A0099B037 /* NSString+GGEscape.m */ = {isa = PBXFileReference; fileEncoding = 4; lastKnownFileType = sourcecode.c.objc; path = "NSString+GGEscape.m"; sourceTree = "<group>"; };
		1C31322915B6ADAE0099B037 /* NSDate+GGExtra.h */ = {isa = PBXFileReference; fileEncoding = 4; lastKnownFileType = sourcecode.c.h; path = "NSDate+GGExtra.h"; sourceTree = "<group>"; };
		1C31322A15B6ADAE0099B037 /* NSDate+GGExtra.m */ = {isa = PBXFileReference; fileEncoding = 4; lastKnownFileType = sourcecode.c.objc; path = "NSDate+GGExtra.m"; sourceTree = "<group>"; };
		1C31322B15B6ADAE0099B037 /* NSURL+GGQueryParameters.h */ = {isa = PBXFileReference; fileEncoding = 4; lastKnownFileType = sourcecode.c.h; path = "NSURL+GGQueryParameters.h"; sourceTree = "<group>"; };
		1C31322C15B6ADAE0099B037 /* NSURL+GGQueryParameters.m */ = {isa = PBXFileReference; fileEncoding = 4; lastKnownFileType = sourcecode.c.objc; path = "NSURL+GGQueryParameters.m"; sourceTree = "<group>"; };
		1C31322D15B6ADAE0099B037 /* UIDevice+GGUUID.h */ = {isa = PBXFileReference; fileEncoding = 4; lastKnownFileType = sourcecode.c.h; path = "UIDevice+GGUUID.h"; sourceTree = "<group>"; };
		1C31322E15B6ADAE0099B037 /* UIDevice+GGUUID.m */ = {isa = PBXFileReference; fileEncoding = 4; lastKnownFileType = sourcecode.c.objc; path = "UIDevice+GGUUID.m"; sourceTree = "<group>"; };
		1C31323515B6AF060099B037 /* GGHTTPFetcherProtocol.h */ = {isa = PBXFileReference; fileEncoding = 4; lastKnownFileType = sourcecode.c.h; name = GGHTTPFetcherProtocol.h; path = Fetcher/GGHTTPFetcherProtocol.h; sourceTree = "<group>"; };
		1C31323715B6B4910099B037 /* GGHTTPFetcherDelegate.h */ = {isa = PBXFileReference; lastKnownFileType = sourcecode.c.h; name = GGHTTPFetcherDelegate.h; path = Fetcher/GGHTTPFetcherDelegate.h; sourceTree = "<group>"; };
		1C31323C15B6C4260099B037 /* CFNetwork.framework */ = {isa = PBXFileReference; lastKnownFileType = wrapper.framework; name = CFNetwork.framework; path = System/Library/Frameworks/CFNetwork.framework; sourceTree = SDKROOT; };
		1C31323D15B6C4270099B037 /* libz.1.dylib */ = {isa = PBXFileReference; lastKnownFileType = "compiled.mach-o.dylib"; name = libz.1.dylib; path = usr/lib/libz.1.dylib; sourceTree = SDKROOT; };
		1C31323E15B6C4280099B037 /* QuartzCore.framework */ = {isa = PBXFileReference; lastKnownFileType = wrapper.framework; name = QuartzCore.framework; path = System/Library/Frameworks/QuartzCore.framework; sourceTree = SDKROOT; };
		1C31323F15B6C4280099B037 /* Security.framework */ = {isa = PBXFileReference; lastKnownFileType = wrapper.framework; name = Security.framework; path = System/Library/Frameworks/Security.framework; sourceTree = SDKROOT; };
		1C31324015B6C4290099B037 /* SystemConfiguration.framework */ = {isa = PBXFileReference; lastKnownFileType = wrapper.framework; name = SystemConfiguration.framework; path = System/Library/Frameworks/SystemConfiguration.framework; sourceTree = SDKROOT; };
		1C46286F16663551001FAE72 /* TestModel.xcdatamodel */ = {isa = PBXFileReference; lastKnownFileType = wrapper.xcdatamodel; path = TestModel.xcdatamodel; sourceTree = "<group>"; };
		1C46288116663BF2001FAE72 /* TestCityModel.h */ = {isa = PBXFileReference; fileEncoding = 4; lastKnownFileType = sourcecode.c.h; path = TestCityModel.h; sourceTree = "<group>"; };
		1C46288216663BF2001FAE72 /* TestCityModel.m */ = {isa = PBXFileReference; fileEncoding = 4; lastKnownFileType = sourcecode.c.objc; path = TestCityModel.m; sourceTree = "<group>"; };
		1C46288316663BF2001FAE72 /* TestItemDetailsModel.h */ = {isa = PBXFileReference; fileEncoding = 4; lastKnownFileType = sourcecode.c.h; path = TestItemDetailsModel.h; sourceTree = "<group>"; };
		1C46288416663BF2001FAE72 /* TestItemDetailsModel.m */ = {isa = PBXFileReference; fileEncoding = 4; lastKnownFileType = sourcecode.c.objc; path = TestItemDetailsModel.m; sourceTree = "<group>"; };
		1C46288516663BF2001FAE72 /* TestItemModel.h */ = {isa = PBXFileReference; fileEncoding = 4; lastKnownFileType = sourcecode.c.h; path = TestItemModel.h; sourceTree = "<group>"; };
		1C46288616663BF2001FAE72 /* TestItemModel.m */ = {isa = PBXFileReference; fileEncoding = 4; lastKnownFileType = sourcecode.c.objc; path = TestItemModel.m; sourceTree = "<group>"; };
		1C46288716663BF2001FAE72 /* TestMetroModel.h */ = {isa = PBXFileReference; fileEncoding = 4; lastKnownFileType = sourcecode.c.h; path = TestMetroModel.h; sourceTree = "<group>"; };
		1C46288816663BF2001FAE72 /* TestMetroModel.m */ = {isa = PBXFileReference; fileEncoding = 4; lastKnownFileType = sourcecode.c.objc; path = TestMetroModel.m; sourceTree = "<group>"; };
		1C46288916663BF2001FAE72 /* TestRubricModel.h */ = {isa = PBXFileReference; fileEncoding = 4; lastKnownFileType = sourcecode.c.h; path = TestRubricModel.h; sourceTree = "<group>"; };
		1C46288A16663BF3001FAE72 /* TestRubricModel.m */ = {isa = PBXFileReference; fileEncoding = 4; lastKnownFileType = sourcecode.c.objc; path = TestRubricModel.m; sourceTree = "<group>"; };
		1C46289016664E81001FAE72 /* GGTestTest.h */ = {isa = PBXFileReference; fileEncoding = 4; lastKnownFileType = sourcecode.c.h; path = GGTestTest.h; sourceTree = "<group>"; };
		1C46289116664E81001FAE72 /* GGTestTest.m */ = {isa = PBXFileReference; fileEncoding = 4; lastKnownFileType = sourcecode.c.objc; path = GGTestTest.m; sourceTree = "<group>"; };
		1C46289316665023001FAE72 /* GGObjectPropertyInspectorUnknownClass.h */ = {isa = PBXFileReference; fileEncoding = 4; lastKnownFileType = sourcecode.c.h; path = GGObjectPropertyInspectorUnknownClass.h; sourceTree = "<group>"; };
		1C46289416665023001FAE72 /* GGObjectPropertyInspectorUnknownClass.m */ = {isa = PBXFileReference; fileEncoding = 4; lastKnownFileType = sourcecode.c.objc; path = GGObjectPropertyInspectorUnknownClass.m; sourceTree = "<group>"; };
		1C48509116661ADF00417211 /* GGDataStorageTest.h */ = {isa = PBXFileReference; fileEncoding = 4; lastKnownFileType = sourcecode.c.h; path = GGDataStorageTest.h; sourceTree = "<group>"; };
		1C48509216661ADF00417211 /* GGDataStorageTest.m */ = {isa = PBXFileReference; fileEncoding = 4; lastKnownFileType = sourcecode.c.objc; path = GGDataStorageTest.m; sourceTree = "<group>"; };
		1C48509416661B1300417211 /* GGDataManagerTest.h */ = {isa = PBXFileReference; fileEncoding = 4; lastKnownFileType = sourcecode.c.h; path = GGDataManagerTest.h; sourceTree = "<group>"; };
		1C48509516661B1300417211 /* GGDataManagerTest.m */ = {isa = PBXFileReference; fileEncoding = 4; lastKnownFileType = sourcecode.c.objc; path = GGDataManagerTest.m; sourceTree = "<group>"; };
		1C48509716661B4400417211 /* GGObjectPropertyInspectorTest.h */ = {isa = PBXFileReference; fileEncoding = 4; lastKnownFileType = sourcecode.c.h; path = GGObjectPropertyInspectorTest.h; sourceTree = "<group>"; };
		1C48509816661B4400417211 /* GGObjectPropertyInspectorTest.m */ = {isa = PBXFileReference; fileEncoding = 4; lastKnownFileType = sourcecode.c.objc; path = GGObjectPropertyInspectorTest.m; sourceTree = "<group>"; };
		1C48509A16662B6000417211 /* CoreData.framework */ = {isa = PBXFileReference; lastKnownFileType = wrapper.framework; name = CoreData.framework; path = System/Library/Frameworks/CoreData.framework; sourceTree = SDKROOT; };
		1C4D896F15BAC2BE00FB6CC6 /* GGHTTPGoogleAuthorizationProxy.h */ = {isa = PBXFileReference; fileEncoding = 4; lastKnownFileType = sourcecode.c.h; path = GGHTTPGoogleAuthorizationProxy.h; sourceTree = "<group>"; };
		1C4D897015BAC2BE00FB6CC6 /* GGHTTPGoogleAuthorizationProxy.m */ = {isa = PBXFileReference; fileEncoding = 4; lastKnownFileType = sourcecode.c.objc; path = GGHTTPGoogleAuthorizationProxy.m; sourceTree = "<group>"; };
		1C52212E15B9676F00E5E7BE /* GTMHTTPFetcher.h */ = {isa = PBXFileReference; fileEncoding = 4; lastKnownFileType = sourcecode.c.h; path = GTMHTTPFetcher.h; sourceTree = "<group>"; };
		1C52212F15B9676F00E5E7BE /* GTMHTTPFetcher.m */ = {isa = PBXFileReference; fileEncoding = 4; lastKnownFileType = sourcecode.c.objc; path = GTMHTTPFetcher.m; sourceTree = "<group>"; };
		1C52215815B967E900E5E7BE /* About.txt */ = {isa = PBXFileReference; fileEncoding = 4; lastKnownFileType = text; path = About.txt; sourceTree = "<group>"; };
		1C52215915B967E900E5E7BE /* GCDAsyncSocket.h */ = {isa = PBXFileReference; fileEncoding = 4; lastKnownFileType = sourcecode.c.h; path = GCDAsyncSocket.h; sourceTree = "<group>"; };
		1C52215A15B967E900E5E7BE /* GCDAsyncSocket.m */ = {isa = PBXFileReference; fileEncoding = 4; lastKnownFileType = sourcecode.c.objc; path = GCDAsyncSocket.m; sourceTree = "<group>"; };
		1C52215D15B967E900E5E7BE /* DDData.h */ = {isa = PBXFileReference; fileEncoding = 4; lastKnownFileType = sourcecode.c.h; path = DDData.h; sourceTree = "<group>"; };
		1C52215E15B967E900E5E7BE /* DDData.m */ = {isa = PBXFileReference; fileEncoding = 4; lastKnownFileType = sourcecode.c.objc; path = DDData.m; sourceTree = "<group>"; };
		1C52215F15B967E900E5E7BE /* DDNumber.h */ = {isa = PBXFileReference; fileEncoding = 4; lastKnownFileType = sourcecode.c.h; path = DDNumber.h; sourceTree = "<group>"; };
		1C52216015B967E900E5E7BE /* DDNumber.m */ = {isa = PBXFileReference; fileEncoding = 4; lastKnownFileType = sourcecode.c.objc; path = DDNumber.m; sourceTree = "<group>"; };
		1C52216115B967E900E5E7BE /* DDRange.h */ = {isa = PBXFileReference; fileEncoding = 4; lastKnownFileType = sourcecode.c.h; path = DDRange.h; sourceTree = "<group>"; };
		1C52216215B967E900E5E7BE /* DDRange.m */ = {isa = PBXFileReference; fileEncoding = 4; lastKnownFileType = sourcecode.c.objc; path = DDRange.m; sourceTree = "<group>"; };
		1C52216315B967E900E5E7BE /* HTTPAuthenticationRequest.h */ = {isa = PBXFileReference; fileEncoding = 4; lastKnownFileType = sourcecode.c.h; path = HTTPAuthenticationRequest.h; sourceTree = "<group>"; };
		1C52216415B967E900E5E7BE /* HTTPAuthenticationRequest.m */ = {isa = PBXFileReference; fileEncoding = 4; lastKnownFileType = sourcecode.c.objc; path = HTTPAuthenticationRequest.m; sourceTree = "<group>"; };
		1C52216515B967E900E5E7BE /* HTTPConnection.h */ = {isa = PBXFileReference; fileEncoding = 4; lastKnownFileType = sourcecode.c.h; path = HTTPConnection.h; sourceTree = "<group>"; };
		1C52216615B967E900E5E7BE /* HTTPConnection.m */ = {isa = PBXFileReference; fileEncoding = 4; lastKnownFileType = sourcecode.c.objc; path = HTTPConnection.m; sourceTree = "<group>"; };
		1C52216715B967E900E5E7BE /* HTTPLogging.h */ = {isa = PBXFileReference; fileEncoding = 4; lastKnownFileType = sourcecode.c.h; path = HTTPLogging.h; sourceTree = "<group>"; };
		1C52216815B967E900E5E7BE /* HTTPMessage.h */ = {isa = PBXFileReference; fileEncoding = 4; lastKnownFileType = sourcecode.c.h; path = HTTPMessage.h; sourceTree = "<group>"; };
		1C52216915B967E900E5E7BE /* HTTPMessage.m */ = {isa = PBXFileReference; fileEncoding = 4; lastKnownFileType = sourcecode.c.objc; path = HTTPMessage.m; sourceTree = "<group>"; };
		1C52216A15B967E900E5E7BE /* HTTPResponse.h */ = {isa = PBXFileReference; fileEncoding = 4; lastKnownFileType = sourcecode.c.h; path = HTTPResponse.h; sourceTree = "<group>"; };
		1C52216B15B967E900E5E7BE /* HTTPServer.h */ = {isa = PBXFileReference; fileEncoding = 4; lastKnownFileType = sourcecode.c.h; path = HTTPServer.h; sourceTree = "<group>"; };
		1C52216C15B967E900E5E7BE /* HTTPServer.m */ = {isa = PBXFileReference; fileEncoding = 4; lastKnownFileType = sourcecode.c.objc; path = HTTPServer.m; sourceTree = "<group>"; };
		1C52216E15B967E900E5E7BE /* HTTPAsyncFileResponse.h */ = {isa = PBXFileReference; fileEncoding = 4; lastKnownFileType = sourcecode.c.h; path = HTTPAsyncFileResponse.h; sourceTree = "<group>"; };
		1C52216F15B967E900E5E7BE /* HTTPAsyncFileResponse.m */ = {isa = PBXFileReference; fileEncoding = 4; lastKnownFileType = sourcecode.c.objc; path = HTTPAsyncFileResponse.m; sourceTree = "<group>"; };
		1C52217015B967E900E5E7BE /* HTTPDataResponse.h */ = {isa = PBXFileReference; fileEncoding = 4; lastKnownFileType = sourcecode.c.h; path = HTTPDataResponse.h; sourceTree = "<group>"; };
		1C52217115B967E900E5E7BE /* HTTPDataResponse.m */ = {isa = PBXFileReference; fileEncoding = 4; lastKnownFileType = sourcecode.c.objc; path = HTTPDataResponse.m; sourceTree = "<group>"; };
		1C52217215B967E900E5E7BE /* HTTPDynamicFileResponse.h */ = {isa = PBXFileReference; fileEncoding = 4; lastKnownFileType = sourcecode.c.h; path = HTTPDynamicFileResponse.h; sourceTree = "<group>"; };
		1C52217315B967E900E5E7BE /* HTTPDynamicFileResponse.m */ = {isa = PBXFileReference; fileEncoding = 4; lastKnownFileType = sourcecode.c.objc; path = HTTPDynamicFileResponse.m; sourceTree = "<group>"; };
		1C52217415B967E900E5E7BE /* HTTPFileResponse.h */ = {isa = PBXFileReference; fileEncoding = 4; lastKnownFileType = sourcecode.c.h; path = HTTPFileResponse.h; sourceTree = "<group>"; };
		1C52217515B967E900E5E7BE /* HTTPFileResponse.m */ = {isa = PBXFileReference; fileEncoding = 4; lastKnownFileType = sourcecode.c.objc; path = HTTPFileResponse.m; sourceTree = "<group>"; };
		1C52217615B967E900E5E7BE /* HTTPRedirectResponse.h */ = {isa = PBXFileReference; fileEncoding = 4; lastKnownFileType = sourcecode.c.h; path = HTTPRedirectResponse.h; sourceTree = "<group>"; };
		1C52217715B967E900E5E7BE /* HTTPRedirectResponse.m */ = {isa = PBXFileReference; fileEncoding = 4; lastKnownFileType = sourcecode.c.objc; path = HTTPRedirectResponse.m; sourceTree = "<group>"; };
		1C52217815B967E900E5E7BE /* WebSocket.h */ = {isa = PBXFileReference; fileEncoding = 4; lastKnownFileType = sourcecode.c.h; path = WebSocket.h; sourceTree = "<group>"; };
		1C52217915B967E900E5E7BE /* WebSocket.m */ = {isa = PBXFileReference; fileEncoding = 4; lastKnownFileType = sourcecode.c.objc; path = WebSocket.m; sourceTree = "<group>"; };
		1C52217B15B967E900E5E7BE /* About.txt */ = {isa = PBXFileReference; fileEncoding = 4; lastKnownFileType = text; path = About.txt; sourceTree = "<group>"; };
		1C52217C15B967E900E5E7BE /* DDASLLogger.h */ = {isa = PBXFileReference; fileEncoding = 4; lastKnownFileType = sourcecode.c.h; path = DDASLLogger.h; sourceTree = "<group>"; };
		1C52217D15B967E900E5E7BE /* DDASLLogger.m */ = {isa = PBXFileReference; fileEncoding = 4; lastKnownFileType = sourcecode.c.objc; path = DDASLLogger.m; sourceTree = "<group>"; };
		1C52217E15B967E900E5E7BE /* DDAbstractDatabaseLogger.h */ = {isa = PBXFileReference; fileEncoding = 4; lastKnownFileType = sourcecode.c.h; path = DDAbstractDatabaseLogger.h; sourceTree = "<group>"; };
		1C52217F15B967E900E5E7BE /* DDAbstractDatabaseLogger.m */ = {isa = PBXFileReference; fileEncoding = 4; lastKnownFileType = sourcecode.c.objc; path = DDAbstractDatabaseLogger.m; sourceTree = "<group>"; };
		1C52218015B967E900E5E7BE /* DDFileLogger.h */ = {isa = PBXFileReference; fileEncoding = 4; lastKnownFileType = sourcecode.c.h; path = DDFileLogger.h; sourceTree = "<group>"; };
		1C52218115B967E900E5E7BE /* DDFileLogger.m */ = {isa = PBXFileReference; fileEncoding = 4; lastKnownFileType = sourcecode.c.objc; path = DDFileLogger.m; sourceTree = "<group>"; };
		1C52218215B967E900E5E7BE /* DDLog.h */ = {isa = PBXFileReference; fileEncoding = 4; lastKnownFileType = sourcecode.c.h; path = DDLog.h; sourceTree = "<group>"; };
		1C52218315B967E900E5E7BE /* DDLog.m */ = {isa = PBXFileReference; fileEncoding = 4; lastKnownFileType = sourcecode.c.objc; path = DDLog.m; sourceTree = "<group>"; };
		1C52218415B967E900E5E7BE /* DDTTYLogger.h */ = {isa = PBXFileReference; fileEncoding = 4; lastKnownFileType = sourcecode.c.h; path = DDTTYLogger.h; sourceTree = "<group>"; };
		1C52218515B967E900E5E7BE /* DDTTYLogger.m */ = {isa = PBXFileReference; fileEncoding = 4; lastKnownFileType = sourcecode.c.objc; path = DDTTYLogger.m; sourceTree = "<group>"; };
		1C52218715B967E900E5E7BE /* ContextFilterLogFormatter.h */ = {isa = PBXFileReference; fileEncoding = 4; lastKnownFileType = sourcecode.c.h; path = ContextFilterLogFormatter.h; sourceTree = "<group>"; };
		1C52218815B967E900E5E7BE /* ContextFilterLogFormatter.m */ = {isa = PBXFileReference; fileEncoding = 4; lastKnownFileType = sourcecode.c.objc; path = ContextFilterLogFormatter.m; sourceTree = "<group>"; };
		1C52218915B967E900E5E7BE /* DispatchQueueLogFormatter.h */ = {isa = PBXFileReference; fileEncoding = 4; lastKnownFileType = sourcecode.c.h; path = DispatchQueueLogFormatter.h; sourceTree = "<group>"; };
		1C52218A15B967E900E5E7BE /* DispatchQueueLogFormatter.m */ = {isa = PBXFileReference; fileEncoding = 4; lastKnownFileType = sourcecode.c.objc; path = DispatchQueueLogFormatter.m; sourceTree = "<group>"; };
		1C52218B15B967E900E5E7BE /* README.txt */ = {isa = PBXFileReference; fileEncoding = 4; lastKnownFileType = text; path = README.txt; sourceTree = "<group>"; };
		1C5221A515B9682D00E5E7BE /* GGCacheTest.h */ = {isa = PBXFileReference; fileEncoding = 4; lastKnownFileType = sourcecode.c.h; path = GGCacheTest.h; sourceTree = "<group>"; };
		1C5221A615B9682D00E5E7BE /* GGCacheTest.m */ = {isa = PBXFileReference; fileEncoding = 4; lastKnownFileType = sourcecode.c.objc; path = GGCacheTest.m; sourceTree = "<group>"; };
		1C5221A815B9682D00E5E7BE /* GGNetworkTest.h */ = {isa = PBXFileReference; fileEncoding = 4; lastKnownFileType = sourcecode.c.h; path = GGNetworkTest.h; sourceTree = "<group>"; };
		1C5221A915B9682D00E5E7BE /* GGNetworkTest.m */ = {isa = PBXFileReference; fileEncoding = 4; lastKnownFileType = sourcecode.c.objc; path = GGNetworkTest.m; sourceTree = "<group>"; };
		1C5221AC15B9683B00E5E7BE /* Web */ = {isa = PBXFileReference; lastKnownFileType = folder; name = Web; path = Tests/Web; sourceTree = SOURCE_ROOT; };
		1C5221AE15B9685500E5E7BE /* main.m */ = {isa = PBXFileReference; fileEncoding = 4; lastKnownFileType = sourcecode.c.objc; name = main.m; path = Tests/main.m; sourceTree = SOURCE_ROOT; };
		1C5221AF15B9685500E5E7BE /* Tests-Info.plist */ = {isa = PBXFileReference; fileEncoding = 4; lastKnownFileType = text.plist.xml; name = "Tests-Info.plist"; path = "Tests/Tests-Info.plist"; sourceTree = SOURCE_ROOT; };
		1C5221B015B9685500E5E7BE /* Tests-Prefix.pch */ = {isa = PBXFileReference; fileEncoding = 4; lastKnownFileType = sourcecode.c.h; name = "Tests-Prefix.pch"; path = "Tests/Tests-Prefix.pch"; sourceTree = SOURCE_ROOT; };
		1C5221B315B968B700E5E7BE /* GHUnitIOS.framework */ = {isa = PBXFileReference; lastKnownFileType = wrapper.framework; name = GHUnitIOS.framework; path = External/GHUnitIOS.framework; sourceTree = "<group>"; };
		1C5221B615B969BF00E5E7BE /* GGTools-Prefix.pch */ = {isa = PBXFileReference; fileEncoding = 4; lastKnownFileType = sourcecode.c.h; path = "GGTools-Prefix.pch"; sourceTree = "<group>"; };
		1C5221B715B969BF00E5E7BE /* GGTools.h */ = {isa = PBXFileReference; fileEncoding = 4; lastKnownFileType = sourcecode.c.h; path = GGTools.h; sourceTree = "<group>"; };
		1C7666B515B9403E002C3F6C /* libGGTools.a */ = {isa = PBXFileReference; explicitFileType = archive.ar; includeInIndex = 0; path = libGGTools.a; sourceTree = BUILT_PRODUCTS_DIR; };
		1C97128A15C291180001A7C9 /* GGNetworkActivityIndicator.h */ = {isa = PBXFileReference; fileEncoding = 4; lastKnownFileType = sourcecode.c.h; path = GGNetworkActivityIndicator.h; sourceTree = "<group>"; };
		1C97128B15C291180001A7C9 /* GGNetworkActivityIndicator.m */ = {isa = PBXFileReference; fileEncoding = 4; lastKnownFileType = sourcecode.c.objc; path = GGNetworkActivityIndicator.m; sourceTree = "<group>"; };
		1CB31C2C15EB59440033868B /* GGHTTPServiceInternalTicket.h */ = {isa = PBXFileReference; fileEncoding = 4; lastKnownFileType = sourcecode.c.h; path = GGHTTPServiceInternalTicket.h; sourceTree = "<group>"; };
		1CB31C2D15EB59450033868B /* GGHTTPServiceInternalTicket.m */ = {isa = PBXFileReference; fileEncoding = 4; lastKnownFileType = sourcecode.c.objc; path = GGHTTPServiceInternalTicket.m; sourceTree = "<group>"; };
		1CC3949915BE6A78001AB225 /* GGToolsVersion.h */ = {isa = PBXFileReference; fileEncoding = 4; lastKnownFileType = sourcecode.c.h; path = GGToolsVersion.h; sourceTree = "<group>"; };
/* End PBXFileReference section */

/* Begin PBXFrameworksBuildPhase section */
		1C087AC21580FB66001C4060 /* Frameworks */ = {
			isa = PBXFrameworksBuildPhase;
			buildActionMask = 2147483647;
			files = (
				1C48509B16662B6000417211 /* CoreData.framework in Frameworks */,
				1CA8CC5315B96FBB00EF259E /* libGGTools.a in Frameworks */,
				1C5221B415B968B700E5E7BE /* GHUnitIOS.framework in Frameworks */,
				1C31324615B6C4940099B037 /* CFNetwork.framework in Frameworks */,
				1C31324715B6C4940099B037 /* Security.framework in Frameworks */,
				1C31324815B6C4940099B037 /* SystemConfiguration.framework in Frameworks */,
				1C087AC71580FB66001C4060 /* UIKit.framework in Frameworks */,
				1C31324B15B6C4A20099B037 /* libz.1.dylib in Frameworks */,
				1C087AC81580FB66001C4060 /* Foundation.framework in Frameworks */,
				1C087AC91580FB66001C4060 /* CoreGraphics.framework in Frameworks */,
			);
			runOnlyForDeploymentPostprocessing = 0;
		};
		1C7666B215B9403E002C3F6C /* Frameworks */ = {
			isa = PBXFrameworksBuildPhase;
			buildActionMask = 2147483647;
			files = (
				1C7666B615B9403E002C3F6C /* Foundation.framework in Frameworks */,
			);
			runOnlyForDeploymentPostprocessing = 0;
		};
/* End PBXFrameworksBuildPhase section */

/* Begin PBXGroup section */
		1C087A9B1580FB1D001C4060 = {
			isa = PBXGroup;
			children = (
				1C087ADE1580FDC5001C4060 /* Classes */,
				1C52212C15B9676F00E5E7BE /* External */,
				1C087ACA1580FB66001C4060 /* Tests */,
				1C5221B515B969BF00E5E7BE /* GGTools */,
				1C087AA91580FB1E001C4060 /* Frameworks */,
				1C087AA71580FB1E001C4060 /* Products */,
			);
			sourceTree = "<group>";
		};
		1C087AA71580FB1E001C4060 /* Products */ = {
			isa = PBXGroup;
			children = (
				1C087AC51580FB66001C4060 /* Tests.app */,
				1C7666B515B9403E002C3F6C /* libGGTools.a */,
			);
			name = Products;
			sourceTree = "<group>";
		};
		1C087AA91580FB1E001C4060 /* Frameworks */ = {
			isa = PBXGroup;
			children = (
				1C48509A16662B6000417211 /* CoreData.framework */,
				1C5221B315B968B700E5E7BE /* GHUnitIOS.framework */,
				1C31323C15B6C4260099B037 /* CFNetwork.framework */,
				1C31323D15B6C4270099B037 /* libz.1.dylib */,
				1C31323E15B6C4280099B037 /* QuartzCore.framework */,
				1C31323F15B6C4280099B037 /* Security.framework */,
				1C31324015B6C4290099B037 /* SystemConfiguration.framework */,
				1C087AAA1580FB1E001C4060 /* UIKit.framework */,
				1C087AAC1580FB1E001C4060 /* Foundation.framework */,
				1C087AAE1580FB1E001C4060 /* CoreGraphics.framework */,
			);
			name = Frameworks;
			sourceTree = "<group>";
		};
		1C087ACA1580FB66001C4060 /* Tests */ = {
			isa = PBXGroup;
			children = (
				1C5221A415B9682D00E5E7BE /* Cache */,
				1C5221A715B9682D00E5E7BE /* Network */,
				1C48508F16661A9600417211 /* Data */,
				1C087ACB1580FB66001C4060 /* Supporting Files */,
			);
			path = Tests;
			sourceTree = "<group>";
		};
		1C087ACB1580FB66001C4060 /* Supporting Files */ = {
			isa = PBXGroup;
			children = (
				1C5221AC15B9683B00E5E7BE /* Web */,
				1C46287116663B9D001FAE72 /* Models */,
				1C5221AE15B9685500E5E7BE /* main.m */,
				1C5221AF15B9685500E5E7BE /* Tests-Info.plist */,
				1C5221B015B9685500E5E7BE /* Tests-Prefix.pch */,
				1C46286E16663551001FAE72 /* TestModel.xcdatamodeld */,
			);
			name = "Supporting Files";
			sourceTree = "<group>";
		};
		1C087ADE1580FDC5001C4060 /* Classes */ = {
			isa = PBXGroup;
			children = (
				1C3131E515B6AACC0099B037 /* Categories */,
				1C087ADF1580FDC5001C4060 /* Cache */,
				1C31319815B69B770099B037 /* Network */,
				1C2F54281665F572008823F4 /* Data */,
			);
			path = Classes;
			sourceTree = "<group>";
		};
		1C087ADF1580FDC5001C4060 /* Cache */ = {
			isa = PBXGroup;
			children = (
				1C087AE01580FDC5001C4060 /* GGCache.h */,
				1C087AE11580FDC5001C4060 /* GGCache.m */,
				1C087AE21580FDC5001C4060 /* GGCacheItem.h */,
				1C087AE31580FDC5001C4060 /* GGCacheItem.m */,
			);
			path = Cache;
			sourceTree = "<group>";
		};
		1C2DE7D715C67BAD004AC42E /* SBJSON */ = {
			isa = PBXGroup;
			children = (
				1C2DE7D815C67BAD004AC42E /* SBJsonParser.h */,
				1C2DE7D915C67BAD004AC42E /* SBJsonWriter.h */,
			);
			path = SBJSON;
			sourceTree = "<group>";
		};
		1C2F54281665F572008823F4 /* Data */ = {
			isa = PBXGroup;
			children = (
				1C2F54291665F572008823F4 /* GGDataManager.h */,
				1C2F542A1665F572008823F4 /* GGDataManager.m */,
				1C2F542B1665F572008823F4 /* GGDataManagerTicket.h */,
				1C2F542C1665F572008823F4 /* GGDataManagerTicket.m */,
				1C2F542D1665F572008823F4 /* GGDataStorage.h */,
				1C2F542E1665F572008823F4 /* GGDataStorage.m */,
				1C2F542F1665F572008823F4 /* GGObjectPropertyInspector.h */,
				1C2F54301665F572008823F4 /* GGObjectPropertyInspector.m */,
				1C2F54311665F572008823F4 /* GGResourceAttributeMapping.h */,
				1C2F54321665F572008823F4 /* GGResourceAttributeMapping.m */,
				1C2F54331665F572008823F4 /* GGResourceConfig.h */,
				1C2F54341665F572008823F4 /* GGResourceConfig.m */,
				1C46289316665023001FAE72 /* GGObjectPropertyInspectorUnknownClass.h */,
				1C46289416665023001FAE72 /* GGObjectPropertyInspectorUnknownClass.m */,
			);
			path = Data;
			sourceTree = "<group>";
		};
		1C31319815B69B770099B037 /* Network */ = {
			isa = PBXGroup;
			children = (
				1C31319915B69B770099B037 /* Authorization */,
				1C31319B15B69B770099B037 /* Cache */,
				1C3131A115B69B770099B037 /* DataTransformers */,
				1C31323615B6AF0E0099B037 /* Fetcher */,
				1C3131AA15B69B770099B037 /* GGHTTPService.h */,
				1C3131AB15B69B770099B037 /* GGHTTPService.m */,
				1C3131AC15B69B770099B037 /* GGHTTPServiceTicket.h */,
				1C3131AD15B69B770099B037 /* GGHTTPServiceTicket.m */,
				1C137C8915B82EB30033FE44 /* GGHTTPServiceTicket+Private.h */,
				1CB31C2C15EB59440033868B /* GGHTTPServiceInternalTicket.h */,
				1CB31C2D15EB59450033868B /* GGHTTPServiceInternalTicket.m */,
				1C3131AE15B69B770099B037 /* GGHTTPQuery.h */,
				1C3131AF15B69B770099B037 /* GGHTTPQuery.m */,
				1C3131B015B69B770099B037 /* GGHTTPQueryBody.h */,
				1C3131B115B69B770099B037 /* GGHTTPQueryBody.m */,
				1C137C6C15B6EB340033FE44 /* GGHTTPConstants.h */,
				1C137C6D15B6EB350033FE44 /* GGHTTPConstants.m */,
				1C137C8515B828160033FE44 /* GGHTTPQueryResult.h */,
				1C137C8615B828180033FE44 /* GGHTTPQueryResult.m */,
				1C97128A15C291180001A7C9 /* GGNetworkActivityIndicator.h */,
				1C97128B15C291180001A7C9 /* GGNetworkActivityIndicator.m */,
			);
			path = Network;
			sourceTree = "<group>";
		};
		1C31319915B69B770099B037 /* Authorization */ = {
			isa = PBXGroup;
			children = (
				1C31319A15B69B770099B037 /* GGHTTPAuthorizationProtocol.h */,
				1C4D896F15BAC2BE00FB6CC6 /* GGHTTPGoogleAuthorizationProxy.h */,
				1C4D897015BAC2BE00FB6CC6 /* GGHTTPGoogleAuthorizationProxy.m */,
			);
			path = Authorization;
			sourceTree = "<group>";
		};
		1C31319B15B69B770099B037 /* Cache */ = {
			isa = PBXGroup;
			children = (
				1C31319C15B69B770099B037 /* GGHTTPCache.h */,
				1C31319D15B69B770099B037 /* GGHTTPCache.m */,
				1C31319E15B69B770099B037 /* GGHTTPCacheItem.h */,
				1C31319F15B69B770099B037 /* GGHTTPCacheItem.m */,
				1C3131A015B69B770099B037 /* GGHTTPCacheProtocol.h */,
			);
			path = Cache;
			sourceTree = "<group>";
		};
		1C3131A115B69B770099B037 /* DataTransformers */ = {
			isa = PBXGroup;
			children = (
				1C3131A215B69B770099B037 /* GGHTTPQueryBodyDataTransformer.h */,
				1C3131A315B69B770099B037 /* GGHTTPQueryBodyDataTransformer.m */,
				1C3131A415B69B770099B037 /* GGHTTPQueryBodyDecoder.h */,
				1C3131A515B69B770099B037 /* GGHTTPQueryBodyEncoder.h */,
				1C3131A615B69B770099B037 /* GGHTTPQueryBodyFormTransformer.h */,
				1C3131A715B69B770099B037 /* GGHTTPQueryBodyFormTransformer.m */,
				1C3131A815B69B770099B037 /* GGHTTPQueryBodyJSONTransformer.h */,
				1C3131A915B69B770099B037 /* GGHTTPQueryBodyJSONTransformer.m */,
			);
			path = DataTransformers;
			sourceTree = "<group>";
		};
		1C3131E515B6AACC0099B037 /* Categories */ = {
			isa = PBXGroup;
			children = (
				1C31322915B6ADAE0099B037 /* NSDate+GGExtra.h */,
				1C31322A15B6ADAE0099B037 /* NSDate+GGExtra.m */,
				1C31322B15B6ADAE0099B037 /* NSURL+GGQueryParameters.h */,
				1C31322C15B6ADAE0099B037 /* NSURL+GGQueryParameters.m */,
				1C31322D15B6ADAE0099B037 /* UIDevice+GGUUID.h */,
				1C31322E15B6ADAE0099B037 /* UIDevice+GGUUID.m */,
				1C31322115B6AB8A0099B037 /* NSDictionary+GGURL.h */,
				1C31322215B6AB8A0099B037 /* NSDictionary+GGURL.m */,
				1C31322315B6AB8A0099B037 /* NSString+GGEscape.h */,
				1C31322415B6AB8A0099B037 /* NSString+GGEscape.m */,
				1C3131EA15B6AB170099B037 /* NSError+GGExtra.h */,
				1C3131EB15B6AB170099B037 /* NSError+GGExtra.m */,
				1C3131E615B6AACC0099B037 /* NSString+GGCrypto.h */,
				1C3131E715B6AACC0099B037 /* NSString+GGCrypto.m */,
			);
			path = Categories;
			sourceTree = "<group>";
		};
		1C31323615B6AF0E0099B037 /* Fetcher */ = {
			isa = PBXGroup;
			children = (
				1C31323515B6AF060099B037 /* GGHTTPFetcherProtocol.h */,
				1C31323715B6B4910099B037 /* GGHTTPFetcherDelegate.h */,
				1C137C6715B6E6F00033FE44 /* GGHTTPFetcher.h */,
				1C137C6815B6E6F00033FE44 /* GGHTTPFetcher.m */,
				1C137C7915B717B00033FE44 /* GGHTTPGoogleFetcher.h */,
				1C137C7A15B717B00033FE44 /* GGHTTPGoogleFetcher.m */,
			);
			name = Fetcher;
			sourceTree = "<group>";
		};
		1C46287116663B9D001FAE72 /* Models */ = {
			isa = PBXGroup;
			children = (
				1C46288116663BF2001FAE72 /* TestCityModel.h */,
				1C46288216663BF2001FAE72 /* TestCityModel.m */,
				1C46288316663BF2001FAE72 /* TestItemDetailsModel.h */,
				1C46288416663BF2001FAE72 /* TestItemDetailsModel.m */,
				1C46288516663BF2001FAE72 /* TestItemModel.h */,
				1C46288616663BF2001FAE72 /* TestItemModel.m */,
				1C46288716663BF2001FAE72 /* TestMetroModel.h */,
				1C46288816663BF2001FAE72 /* TestMetroModel.m */,
				1C46288916663BF2001FAE72 /* TestRubricModel.h */,
				1C46288A16663BF3001FAE72 /* TestRubricModel.m */,
				1C46289016664E81001FAE72 /* GGTestTest.h */,
				1C46289116664E81001FAE72 /* GGTestTest.m */,
			);
			path = Models;
			sourceTree = "<group>";
		};
		1C48508F16661A9600417211 /* Data */ = {
			isa = PBXGroup;
			children = (
				1C48509116661ADF00417211 /* GGDataStorageTest.h */,
				1C48509216661ADF00417211 /* GGDataStorageTest.m */,
				1C48509416661B1300417211 /* GGDataManagerTest.h */,
				1C48509516661B1300417211 /* GGDataManagerTest.m */,
				1C48509716661B4400417211 /* GGObjectPropertyInspectorTest.h */,
				1C48509816661B4400417211 /* GGObjectPropertyInspectorTest.m */,
			);
			name = Data;
			path = Classes/Data;
			sourceTree = "<group>";
		};
		1C52212C15B9676F00E5E7BE /* External */ = {
			isa = PBXGroup;
			children = (
				1C2DE7D715C67BAD004AC42E /* SBJSON */,
				1C52215715B967E900E5E7BE /* CocoaAsyncSocket */,
				1C52215B15B967E900E5E7BE /* CocoaHTTPServer */,
				1C52217A15B967E900E5E7BE /* CocoaLumberjack */,
				1C52212D15B9676F00E5E7BE /* GTMHTTPFetcher */,
			);
			path = External;
			sourceTree = "<group>";
		};
		1C52212D15B9676F00E5E7BE /* GTMHTTPFetcher */ = {
			isa = PBXGroup;
			children = (
				1C52212E15B9676F00E5E7BE /* GTMHTTPFetcher.h */,
				1C52212F15B9676F00E5E7BE /* GTMHTTPFetcher.m */,
			);
			path = GTMHTTPFetcher;
			sourceTree = "<group>";
		};
		1C52215715B967E900E5E7BE /* CocoaAsyncSocket */ = {
			isa = PBXGroup;
			children = (
				1C52215815B967E900E5E7BE /* About.txt */,
				1C52215915B967E900E5E7BE /* GCDAsyncSocket.h */,
				1C52215A15B967E900E5E7BE /* GCDAsyncSocket.m */,
			);
			path = CocoaAsyncSocket;
			sourceTree = "<group>";
		};
		1C52215B15B967E900E5E7BE /* CocoaHTTPServer */ = {
			isa = PBXGroup;
			children = (
				1C52215C15B967E900E5E7BE /* Categories */,
				1C52216315B967E900E5E7BE /* HTTPAuthenticationRequest.h */,
				1C52216415B967E900E5E7BE /* HTTPAuthenticationRequest.m */,
				1C52216515B967E900E5E7BE /* HTTPConnection.h */,
				1C52216615B967E900E5E7BE /* HTTPConnection.m */,
				1C52216715B967E900E5E7BE /* HTTPLogging.h */,
				1C52216815B967E900E5E7BE /* HTTPMessage.h */,
				1C52216915B967E900E5E7BE /* HTTPMessage.m */,
				1C52216A15B967E900E5E7BE /* HTTPResponse.h */,
				1C52216B15B967E900E5E7BE /* HTTPServer.h */,
				1C52216C15B967E900E5E7BE /* HTTPServer.m */,
				1C52216D15B967E900E5E7BE /* Responses */,
				1C52217815B967E900E5E7BE /* WebSocket.h */,
				1C52217915B967E900E5E7BE /* WebSocket.m */,
			);
			path = CocoaHTTPServer;
			sourceTree = "<group>";
		};
		1C52215C15B967E900E5E7BE /* Categories */ = {
			isa = PBXGroup;
			children = (
				1C52215D15B967E900E5E7BE /* DDData.h */,
				1C52215E15B967E900E5E7BE /* DDData.m */,
				1C52215F15B967E900E5E7BE /* DDNumber.h */,
				1C52216015B967E900E5E7BE /* DDNumber.m */,
				1C52216115B967E900E5E7BE /* DDRange.h */,
				1C52216215B967E900E5E7BE /* DDRange.m */,
			);
			path = Categories;
			sourceTree = "<group>";
		};
		1C52216D15B967E900E5E7BE /* Responses */ = {
			isa = PBXGroup;
			children = (
				1C52216E15B967E900E5E7BE /* HTTPAsyncFileResponse.h */,
				1C52216F15B967E900E5E7BE /* HTTPAsyncFileResponse.m */,
				1C52217015B967E900E5E7BE /* HTTPDataResponse.h */,
				1C52217115B967E900E5E7BE /* HTTPDataResponse.m */,
				1C52217215B967E900E5E7BE /* HTTPDynamicFileResponse.h */,
				1C52217315B967E900E5E7BE /* HTTPDynamicFileResponse.m */,
				1C52217415B967E900E5E7BE /* HTTPFileResponse.h */,
				1C52217515B967E900E5E7BE /* HTTPFileResponse.m */,
				1C52217615B967E900E5E7BE /* HTTPRedirectResponse.h */,
				1C52217715B967E900E5E7BE /* HTTPRedirectResponse.m */,
			);
			path = Responses;
			sourceTree = "<group>";
		};
		1C52217A15B967E900E5E7BE /* CocoaLumberjack */ = {
			isa = PBXGroup;
			children = (
				1C52217B15B967E900E5E7BE /* About.txt */,
				1C52217C15B967E900E5E7BE /* DDASLLogger.h */,
				1C52217D15B967E900E5E7BE /* DDASLLogger.m */,
				1C52217E15B967E900E5E7BE /* DDAbstractDatabaseLogger.h */,
				1C52217F15B967E900E5E7BE /* DDAbstractDatabaseLogger.m */,
				1C52218015B967E900E5E7BE /* DDFileLogger.h */,
				1C52218115B967E900E5E7BE /* DDFileLogger.m */,
				1C52218215B967E900E5E7BE /* DDLog.h */,
				1C52218315B967E900E5E7BE /* DDLog.m */,
				1C52218415B967E900E5E7BE /* DDTTYLogger.h */,
				1C52218515B967E900E5E7BE /* DDTTYLogger.m */,
				1C52218615B967E900E5E7BE /* Extensions */,
			);
			path = CocoaLumberjack;
			sourceTree = "<group>";
		};
		1C52218615B967E900E5E7BE /* Extensions */ = {
			isa = PBXGroup;
			children = (
				1C52218715B967E900E5E7BE /* ContextFilterLogFormatter.h */,
				1C52218815B967E900E5E7BE /* ContextFilterLogFormatter.m */,
				1C52218915B967E900E5E7BE /* DispatchQueueLogFormatter.h */,
				1C52218A15B967E900E5E7BE /* DispatchQueueLogFormatter.m */,
				1C52218B15B967E900E5E7BE /* README.txt */,
			);
			path = Extensions;
			sourceTree = "<group>";
		};
		1C5221A415B9682D00E5E7BE /* Cache */ = {
			isa = PBXGroup;
			children = (
				1C5221A515B9682D00E5E7BE /* GGCacheTest.h */,
				1C5221A615B9682D00E5E7BE /* GGCacheTest.m */,
			);
			name = Cache;
			path = Classes/Cache;
			sourceTree = "<group>";
		};
		1C5221A715B9682D00E5E7BE /* Network */ = {
			isa = PBXGroup;
			children = (
				1C5221A815B9682D00E5E7BE /* GGNetworkTest.h */,
				1C5221A915B9682D00E5E7BE /* GGNetworkTest.m */,
			);
			name = Network;
			path = Classes/Network;
			sourceTree = "<group>";
		};
		1C5221B515B969BF00E5E7BE /* GGTools */ = {
			isa = PBXGroup;
			children = (
				1C5221B615B969BF00E5E7BE /* GGTools-Prefix.pch */,
				1C5221B715B969BF00E5E7BE /* GGTools.h */,
				1CC3949915BE6A78001AB225 /* GGToolsVersion.h */,
			);
			path = GGTools;
			sourceTree = "<group>";
		};
/* End PBXGroup section */

/* Begin PBXHeadersBuildPhase section */
		1C7666C515B94261002C3F6C /* Headers */ = {
			isa = PBXHeadersBuildPhase;
			buildActionMask = 2147483647;
			files = (
				1C5221B915B969BF00E5E7BE /* GGTools.h in Headers */,
				1CC3949A15BE6A78001AB225 /* GGToolsVersion.h in Headers */,
				1C7666D415B9449E002C3F6C /* GGHTTPAuthorizationProtocol.h in Headers */,
				1C7666D515B9449E002C3F6C /* GGHTTPCache.h in Headers */,
				1C7666D615B9449E002C3F6C /* GGHTTPCacheItem.h in Headers */,
				1C7666D715B9449E002C3F6C /* GGHTTPCacheProtocol.h in Headers */,
				1C7666D815B9449E002C3F6C /* GGHTTPQueryBodyDataTransformer.h in Headers */,
				1C7666D915B9449E002C3F6C /* GGHTTPQueryBodyDecoder.h in Headers */,
				1C7666DA15B9449E002C3F6C /* GGHTTPQueryBodyEncoder.h in Headers */,
				1C7666DB15B9449E002C3F6C /* GGHTTPQueryBodyFormTransformer.h in Headers */,
				1C7666DC15B9449E002C3F6C /* GGHTTPQueryBodyJSONTransformer.h in Headers */,
				1C7666DD15B9449E002C3F6C /* GGHTTPFetcherProtocol.h in Headers */,
				1C7666DE15B9449E002C3F6C /* GGHTTPFetcherDelegate.h in Headers */,
				1C7666DF15B9449E002C3F6C /* GGHTTPFetcher.h in Headers */,
				1C7666E015B9449E002C3F6C /* GGHTTPGoogleFetcher.h in Headers */,
				1C7666E115B9449E002C3F6C /* GGHTTPService.h in Headers */,
				1C7666E215B9449E002C3F6C /* GGHTTPServiceTicket.h in Headers */,
				1C7666E415B9449E002C3F6C /* GGHTTPQuery.h in Headers */,
				1C7666E515B9449E002C3F6C /* GGHTTPQueryBody.h in Headers */,
				1C7666E615B9449E002C3F6C /* GGHTTPConstants.h in Headers */,
				1C7666E715B9449E002C3F6C /* GGHTTPQueryResult.h in Headers */,
				1C7666F415B94EB5002C3F6C /* NSDate+GGExtra.h in Headers */,
				1C7666F515B94EB5002C3F6C /* NSURL+GGQueryParameters.h in Headers */,
				1C7666F615B94EB5002C3F6C /* UIDevice+GGUUID.h in Headers */,
				1C7666F715B94EB5002C3F6C /* NSDictionary+GGURL.h in Headers */,
				1C7666F815B94EB5002C3F6C /* NSString+GGEscape.h in Headers */,
				1C7666F915B94EB5002C3F6C /* NSError+GGExtra.h in Headers */,
				1C7666FA15B94EB5002C3F6C /* NSString+GGCrypto.h in Headers */,
				1C7666FB15B94EB5002C3F6C /* GGCache.h in Headers */,
				1C7666FC15B94EB5002C3F6C /* GGCacheItem.h in Headers */,
				1C97128C15C291180001A7C9 /* GGNetworkActivityIndicator.h in Headers */,
				1C5221B815B969BF00E5E7BE /* GGTools-Prefix.pch in Headers */,
				1C4D897115BAC2BE00FB6CC6 /* GGHTTPGoogleAuthorizationProxy.h in Headers */,
				1C2DE7DB15C67E45004AC42E /* SBJsonParser.h in Headers */,
				1C2DE7DC15C67E45004AC42E /* SBJsonWriter.h in Headers */,
				1CB31C2E15EB59450033868B /* GGHTTPServiceInternalTicket.h in Headers */,
				1C2F54351665F572008823F4 /* GGDataManager.h in Headers */,
				1C2F54371665F572008823F4 /* GGDataManagerTicket.h in Headers */,
				1C2F54391665F572008823F4 /* GGDataStorage.h in Headers */,
				1C2F543B1665F572008823F4 /* GGObjectPropertyInspector.h in Headers */,
				1C2F543D1665F572008823F4 /* GGResourceAttributeMapping.h in Headers */,
				1C2F543F1665F572008823F4 /* GGResourceConfig.h in Headers */,
				1C46289516665023001FAE72 /* GGObjectPropertyInspectorUnknownClass.h in Headers */,
			);
			runOnlyForDeploymentPostprocessing = 0;
		};
/* End PBXHeadersBuildPhase section */

/* Begin PBXNativeTarget section */
		1C087AC41580FB66001C4060 /* Tests */ = {
			isa = PBXNativeTarget;
			buildConfigurationList = 1C087AD61580FB66001C4060 /* Build configuration list for PBXNativeTarget "Tests" */;
			buildPhases = (
				1C087AC11580FB66001C4060 /* Sources */,
				1C087AC21580FB66001C4060 /* Frameworks */,
				1C087AC31580FB66001C4060 /* Resources */,
				1C087ADD1580FC61001C4060 /* ShellScript */,
			);
			buildRules = (
			);
			dependencies = (
				1CA8CC5215B96F8100EF259E /* PBXTargetDependency */,
			);
			name = Tests;
			productName = GGTest;
			productReference = 1C087AC51580FB66001C4060 /* Tests.app */;
			productType = "com.apple.product-type.application";
		};
		1C7666B415B9403E002C3F6C /* GGTools */ = {
			isa = PBXNativeTarget;
			buildConfigurationList = 1C7666C015B9403E002C3F6C /* Build configuration list for PBXNativeTarget "GGTools" */;
			buildPhases = (
				1C7666B115B9403E002C3F6C /* Sources */,
				1C7666B215B9403E002C3F6C /* Frameworks */,
				1C7666C515B94261002C3F6C /* Headers */,
				1C7666E815B94688002C3F6C /* ShellScript */,
			);
			buildRules = (
			);
			dependencies = (
				1CC3949715BE6914001AB225 /* PBXTargetDependency */,
			);
			name = GGTools;
			productName = GGNetwork;
			productReference = 1C7666B515B9403E002C3F6C /* libGGTools.a */;
			productType = "com.apple.product-type.library.static";
		};
/* End PBXNativeTarget section */

/* Begin PBXProject section */
		1C087A9D1580FB1D001C4060 /* Project object */ = {
			isa = PBXProject;
			attributes = {
				CLASSPREFIX = GG;
				LastUpgradeCheck = 0450;
				ORGANIZATIONNAME = "Evgeniy Shurakov";
			};
			buildConfigurationList = 1C087AA01580FB1D001C4060 /* Build configuration list for PBXProject "GGFramework" */;
			compatibilityVersion = "Xcode 3.2";
			developmentRegion = English;
			hasScannedForEncodings = 0;
			knownRegions = (
				en,
			);
			mainGroup = 1C087A9B1580FB1D001C4060;
			productRefGroup = 1C087AA71580FB1E001C4060 /* Products */;
			projectDirPath = "";
			projectRoot = "";
			targets = (
				1C087AC41580FB66001C4060 /* Tests */,
				1C7666B415B9403E002C3F6C /* GGTools */,
				1C7666E915B947F4002C3F6C /* Framework */,
				1CC3949115BE663D001AB225 /* Version */,
			);
		};
/* End PBXProject section */

/* Begin PBXResourcesBuildPhase section */
		1C087AC31580FB66001C4060 /* Resources */ = {
			isa = PBXResourcesBuildPhase;
			buildActionMask = 2147483647;
			files = (
				1C5221A315B967E900E5E7BE /* README.txt in Resources */,
				1C5221AD15B9683B00E5E7BE /* Web in Resources */,
			);
			runOnlyForDeploymentPostprocessing = 0;
		};
/* End PBXResourcesBuildPhase section */

/* Begin PBXShellScriptBuildPhase section */
		1C087ADD1580FC61001C4060 /* ShellScript */ = {
			isa = PBXShellScriptBuildPhase;
			buildActionMask = 2147483647;
			files = (
			);
			inputPaths = (
			);
			outputPaths = (
			);
			runOnlyForDeploymentPostprocessing = 0;
			shellPath = /bin/sh;
			shellScript = "/bin/sh Scripts/RunTests.sh";
			showEnvVarsInLog = 0;
		};
		1C7666E815B94688002C3F6C /* ShellScript */ = {
			isa = PBXShellScriptBuildPhase;
			buildActionMask = 2147483647;
			files = (
			);
			inputPaths = (
			);
			outputPaths = (
			);
			runOnlyForDeploymentPostprocessing = 0;
			shellPath = /bin/sh;
			shellScript = "set -e\n\nmkdir -p \"${BUILT_PRODUCTS_DIR}/${PRODUCT_NAME}.framework/Versions/A/Headers\"\n\n# Link the \"Current\" version to \"A\"\n/bin/ln -sfh A \"${BUILT_PRODUCTS_DIR}/${PRODUCT_NAME}.framework/Versions/Current\"\n/bin/ln -sfh Versions/Current/Headers \"${BUILT_PRODUCTS_DIR}/${PRODUCT_NAME}.framework/Headers\"\n/bin/ln -sfh \"Versions/Current/${PRODUCT_NAME}\" \"${BUILT_PRODUCTS_DIR}/${PRODUCT_NAME}.framework/${PRODUCT_NAME}\"\n\n# The -a ensures that the headers maintain the source modification date so that we don't constantly\n# cause propagating rebuilds of files that import these headers.\n/bin/cp -a \"${TARGET_BUILD_DIR}/${PUBLIC_HEADERS_FOLDER_PATH}/\" \"${BUILT_PRODUCTS_DIR}/${PRODUCT_NAME}.framework/Versions/A/Headers\"\n";
			showEnvVarsInLog = 0;
		};
		1C7666EF15B94818002C3F6C /* ShellScript */ = {
			isa = PBXShellScriptBuildPhase;
			buildActionMask = 2147483647;
			files = (
			);
			inputPaths = (
			);
			outputPaths = (
			);
			runOnlyForDeploymentPostprocessing = 0;
			shellPath = /bin/sh;
			shellScript = "set -e\nset +u\n# Avoid recursively calling this script.\nif [[ $SF_MASTER_SCRIPT_RUNNING ]]\nthen\nexit 0\nfi\nset -u\nexport SF_MASTER_SCRIPT_RUNNING=1\n\nSF_TARGET_NAME=\"GGTools\"\nSF_EXECUTABLE_PATH=\"lib${SF_TARGET_NAME}.a\"\nSF_WRAPPER_NAME=\"${SF_TARGET_NAME}.framework\"\n\nSF_TARGET_PATH=\"${PROJECT_DIR}/build/${SF_WRAPPER_NAME}\"\nmkdir -p \"${PROJECT_DIR}/build\"\nif [ -e \"${SF_TARGET_PATH}\" ]; then\n  rm -rf \"${SF_TARGET_PATH}\"\nfi\n\n# The following conditionals come from\n# https://github.com/kstenerud/iOS-Universal-Framework\n\nif [[ \"$SDK_NAME\" =~ ([A-Za-z]+) ]]\nthen\nSF_SDK_PLATFORM=${BASH_REMATCH[1]}\nelse\necho \"Could not find platform name from SDK_NAME: $SDK_NAME\"\nexit 1\nfi\n\nif [[ \"$SDK_NAME\" =~ ([0-9]+.*$) ]]\nthen\nSF_SDK_VERSION=${BASH_REMATCH[1]}\nelse\necho \"Could not find sdk version from SDK_NAME: $SDK_NAME\"\nexit 1\nfi\n\nif [[ \"$SF_SDK_PLATFORM\" = \"iphoneos\" ]]\nthen\nSF_OTHER_PLATFORM=iphonesimulator\nelse\nSF_OTHER_PLATFORM=iphoneos\nfi\n\nif [[ \"$BUILT_PRODUCTS_DIR\" =~ (.*)$SF_SDK_PLATFORM$ ]]\nthen\nSF_OTHER_BUILT_PRODUCTS_DIR=\"${BASH_REMATCH[1]}${SF_OTHER_PLATFORM}\"\nelse\necho \"Could not find platform name from build products directory: $BUILT_PRODUCTS_DIR\"\nexit 1\nfi\n\n# Build the other platform.\nxcodebuild -project \"${PROJECT_FILE_PATH}\" -target \"${TARGET_NAME}\" -configuration \"${CONFIGURATION}\" -sdk ${SF_OTHER_PLATFORM}${SF_SDK_VERSION} BUILD_DIR=\"${BUILD_DIR}\" OBJROOT=\"${OBJROOT}\" BUILD_ROOT=\"${BUILD_ROOT}\" SYMROOT=\"${SYMROOT}\" $ACTION\n\n# Smash the two static libraries into one fat binary and store it in the .framework\nlipo -create \"${BUILT_PRODUCTS_DIR}/${SF_EXECUTABLE_PATH}\" \"${SF_OTHER_BUILT_PRODUCTS_DIR}/${SF_EXECUTABLE_PATH}\" -output \"${BUILT_PRODUCTS_DIR}/${SF_WRAPPER_NAME}/Versions/A/${SF_TARGET_NAME}\"\n\n# Copy the binary to the other architecture folder to have a complete framework in both.\ncp -a \"${BUILT_PRODUCTS_DIR}/${SF_WRAPPER_NAME}/Versions/A/${SF_TARGET_NAME}\" \"${SF_OTHER_BUILT_PRODUCTS_DIR}/${SF_WRAPPER_NAME}/Versions/A/${SF_TARGET_NAME}\"\n\ncp -a -R \"${BUILT_PRODUCTS_DIR}/${SF_WRAPPER_NAME}\" \"$SF_TARGET_PATH\"\n";
			showEnvVarsInLog = 0;
		};
		1CC3949815BE6924001AB225 /* ShellScript */ = {
			isa = PBXShellScriptBuildPhase;
			buildActionMask = 2147483647;
			files = (
			);
			inputPaths = (
			);
			outputPaths = (
			);
			runOnlyForDeploymentPostprocessing = 0;
			shellPath = /bin/sh;
			shellScript = "GIT_BRANCH=\"master\" VARS_PREFIX=\"GGTOOLS_\" /bin/sh Scripts/Version.sh \"${PROJECT_DIR}/GGTools/GGToolsVersion.h\"";
			showEnvVarsInLog = 0;
		};
/* End PBXShellScriptBuildPhase section */

/* Begin PBXSourcesBuildPhase section */
		1C087AC11580FB66001C4060 /* Sources */ = {
			isa = PBXSourcesBuildPhase;
			buildActionMask = 2147483647;
			files = (
				1C52214A15B9676F00E5E7BE /* GTMHTTPFetcher.m in Sources */,
				1C52218D15B967E900E5E7BE /* GCDAsyncSocket.m in Sources */,
				1C52218E15B967E900E5E7BE /* DDData.m in Sources */,
				1C52218F15B967E900E5E7BE /* DDNumber.m in Sources */,
				1C52219015B967E900E5E7BE /* DDRange.m in Sources */,
				1C52219115B967E900E5E7BE /* HTTPAuthenticationRequest.m in Sources */,
				1C52219215B967E900E5E7BE /* HTTPConnection.m in Sources */,
				1C52219315B967E900E5E7BE /* HTTPMessage.m in Sources */,
				1C52219415B967E900E5E7BE /* HTTPServer.m in Sources */,
				1C52219515B967E900E5E7BE /* HTTPAsyncFileResponse.m in Sources */,
				1C52219615B967E900E5E7BE /* HTTPDataResponse.m in Sources */,
				1C52219715B967E900E5E7BE /* HTTPDynamicFileResponse.m in Sources */,
				1C52219815B967E900E5E7BE /* HTTPFileResponse.m in Sources */,
				1C52219915B967E900E5E7BE /* HTTPRedirectResponse.m in Sources */,
				1C52219A15B967E900E5E7BE /* WebSocket.m in Sources */,
				1C52219C15B967E900E5E7BE /* DDASLLogger.m in Sources */,
				1C52219D15B967E900E5E7BE /* DDAbstractDatabaseLogger.m in Sources */,
				1C52219E15B967E900E5E7BE /* DDFileLogger.m in Sources */,
				1C52219F15B967E900E5E7BE /* DDLog.m in Sources */,
				1C5221A015B967E900E5E7BE /* DDTTYLogger.m in Sources */,
				1C5221A115B967E900E5E7BE /* ContextFilterLogFormatter.m in Sources */,
				1C5221A215B967E900E5E7BE /* DispatchQueueLogFormatter.m in Sources */,
				1C5221AA15B9682D00E5E7BE /* GGCacheTest.m in Sources */,
				1C5221AB15B9682D00E5E7BE /* GGNetworkTest.m in Sources */,
				1C5221B115B9685500E5E7BE /* main.m in Sources */,
				1C48509316661ADF00417211 /* GGDataStorageTest.m in Sources */,
				1C48509616661B1300417211 /* GGDataManagerTest.m in Sources */,
				1C48509916661B4400417211 /* GGObjectPropertyInspectorTest.m in Sources */,
				1C46287016663551001FAE72 /* TestModel.xcdatamodeld in Sources */,
				1C46288B16663BF3001FAE72 /* TestCityModel.m in Sources */,
				1C46288C16663BF3001FAE72 /* TestItemDetailsModel.m in Sources */,
				1C46288D16663BF3001FAE72 /* TestItemModel.m in Sources */,
				1C46288E16663BF3001FAE72 /* TestMetroModel.m in Sources */,
				1C46288F16663BF3001FAE72 /* TestRubricModel.m in Sources */,
				1C46289216664E81001FAE72 /* GGTestTest.m in Sources */,
			);
			runOnlyForDeploymentPostprocessing = 0;
		};
		1C7666B115B9403E002C3F6C /* Sources */ = {
			isa = PBXSourcesBuildPhase;
			buildActionMask = 2147483647;
			files = (
				1C7666FD15B94ECE002C3F6C /* NSDate+GGExtra.m in Sources */,
				1C7666FE15B94ECE002C3F6C /* NSURL+GGQueryParameters.m in Sources */,
				1C7666FF15B94ECE002C3F6C /* UIDevice+GGUUID.m in Sources */,
				1C76670015B94ECE002C3F6C /* NSDictionary+GGURL.m in Sources */,
				1C76670115B94ECE002C3F6C /* NSString+GGEscape.m in Sources */,
				1C76670215B94ECE002C3F6C /* NSError+GGExtra.m in Sources */,
				1C76670315B94ECE002C3F6C /* NSString+GGCrypto.m in Sources */,
				1C76670415B94ECE002C3F6C /* GGCache.m in Sources */,
				1C76670515B94ECE002C3F6C /* GGCacheItem.m in Sources */,
				1C7666C715B9447F002C3F6C /* GGHTTPCache.m in Sources */,
				1C7666C815B9447F002C3F6C /* GGHTTPCacheItem.m in Sources */,
				1C7666C915B9447F002C3F6C /* GGHTTPQueryBodyDataTransformer.m in Sources */,
				1C7666CA15B9447F002C3F6C /* GGHTTPQueryBodyFormTransformer.m in Sources */,
				1C7666CB15B9447F002C3F6C /* GGHTTPQueryBodyJSONTransformer.m in Sources */,
				1C7666CC15B9447F002C3F6C /* GGHTTPFetcher.m in Sources */,
				1C7666CD15B9447F002C3F6C /* GGHTTPGoogleFetcher.m in Sources */,
				1C7666CE15B9447F002C3F6C /* GGHTTPService.m in Sources */,
				1C7666CF15B9447F002C3F6C /* GGHTTPServiceTicket.m in Sources */,
				1C7666D015B9447F002C3F6C /* GGHTTPQuery.m in Sources */,
				1C7666D115B9447F002C3F6C /* GGHTTPQueryBody.m in Sources */,
				1C7666D215B9447F002C3F6C /* GGHTTPConstants.m in Sources */,
				1C7666D315B9447F002C3F6C /* GGHTTPQueryResult.m in Sources */,
				1C4D897215BAC2BE00FB6CC6 /* GGHTTPGoogleAuthorizationProxy.m in Sources */,
				1C97128D15C291180001A7C9 /* GGNetworkActivityIndicator.m in Sources */,
				1CB31C3015EB59450033868B /* GGHTTPServiceInternalTicket.m in Sources */,
				1C2F54361665F572008823F4 /* GGDataManager.m in Sources */,
				1C2F54381665F572008823F4 /* GGDataManagerTicket.m in Sources */,
				1C2F543A1665F572008823F4 /* GGDataStorage.m in Sources */,
				1C2F543C1665F572008823F4 /* GGObjectPropertyInspector.m in Sources */,
				1C2F543E1665F572008823F4 /* GGResourceAttributeMapping.m in Sources */,
				1C2F54401665F572008823F4 /* GGResourceConfig.m in Sources */,
				1C46289616665023001FAE72 /* GGObjectPropertyInspectorUnknownClass.m in Sources */,
			);
			runOnlyForDeploymentPostprocessing = 0;
		};
/* End PBXSourcesBuildPhase section */

/* Begin PBXTargetDependency section */
		1C7666EE15B947FC002C3F6C /* PBXTargetDependency */ = {
			isa = PBXTargetDependency;
			target = 1C7666B415B9403E002C3F6C /* GGTools */;
			targetProxy = 1C7666ED15B947FC002C3F6C /* PBXContainerItemProxy */;
		};
		1CA8CC5215B96F8100EF259E /* PBXTargetDependency */ = {
			isa = PBXTargetDependency;
			target = 1C7666B415B9403E002C3F6C /* GGTools */;
			targetProxy = 1CA8CC5115B96F8100EF259E /* PBXContainerItemProxy */;
		};
		1CC3949715BE6914001AB225 /* PBXTargetDependency */ = {
			isa = PBXTargetDependency;
			target = 1CC3949115BE663D001AB225 /* Version */;
			targetProxy = 1CC3949615BE6914001AB225 /* PBXContainerItemProxy */;
		};
/* End PBXTargetDependency section */

/* Begin XCBuildConfiguration section */
		1C087ABC1580FB1E001C4060 /* Debug */ = {
			isa = XCBuildConfiguration;
			buildSettings = {
				ALWAYS_SEARCH_USER_PATHS = NO;
				ARCHS = "$(ARCHS_STANDARD_32_BIT)";
				"CODE_SIGN_IDENTITY[sdk=iphoneos*]" = "iPhone Developer";
				COPY_PHASE_STRIP = NO;
				GCC_C_LANGUAGE_STANDARD = gnu99;
				GCC_DYNAMIC_NO_PIC = NO;
				GCC_OPTIMIZATION_LEVEL = 0;
				GCC_PREPROCESSOR_DEFINITIONS = (
					"DEBUG=1",
					"$(inherited)",
				);
				GCC_SYMBOLS_PRIVATE_EXTERN = NO;
				GCC_VERSION = com.apple.compilers.llvm.clang.1_0;
				GCC_WARN_ABOUT_RETURN_TYPE = YES;
				GCC_WARN_UNINITIALIZED_AUTOS = YES;
				GCC_WARN_UNUSED_VARIABLE = YES;
				IPHONEOS_DEPLOYMENT_TARGET = 5.1;
				SDKROOT = iphoneos;
			};
			name = Debug;
		};
		1C087ABD1580FB1E001C4060 /* Release */ = {
			isa = XCBuildConfiguration;
			buildSettings = {
				ALWAYS_SEARCH_USER_PATHS = NO;
				ARCHS = "$(ARCHS_STANDARD_32_BIT)";
				"CODE_SIGN_IDENTITY[sdk=iphoneos*]" = "iPhone Developer";
				COPY_PHASE_STRIP = YES;
				GCC_C_LANGUAGE_STANDARD = gnu99;
				GCC_VERSION = com.apple.compilers.llvm.clang.1_0;
				GCC_WARN_ABOUT_RETURN_TYPE = YES;
				GCC_WARN_UNINITIALIZED_AUTOS = YES;
				GCC_WARN_UNUSED_VARIABLE = YES;
				IPHONEOS_DEPLOYMENT_TARGET = 5.1;
				OTHER_CFLAGS = "-DNS_BLOCK_ASSERTIONS=1";
				SDKROOT = iphoneos;
				VALIDATE_PRODUCT = YES;
			};
			name = Release;
		};
		1C087AD71580FB66001C4060 /* Debug */ = {
			isa = XCBuildConfiguration;
			buildSettings = {
				CLANG_ENABLE_OBJC_ARC = YES;
				"CODE_SIGN_IDENTITY[sdk=iphoneos*]" = "iPhone Developer";
				FRAMEWORK_SEARCH_PATHS = (
					"$(inherited)",
					"\"$(SRCROOT)/External\"",
				);
				GCC_PRECOMPILE_PREFIX_HEADER = YES;
				GCC_PREFIX_HEADER = "Tests/Tests-Prefix.pch";
				INFOPLIST_FILE = "Tests/Tests-Info.plist";
				IPHONEOS_DEPLOYMENT_TARGET = 5.0;
				OTHER_LDFLAGS = (
					"-ObjC",
					"-all_load",
				);
				PRODUCT_NAME = Tests;
				WRAPPER_EXTENSION = app;
			};
			name = Debug;
		};
		1C087AD81580FB66001C4060 /* Release */ = {
			isa = XCBuildConfiguration;
			buildSettings = {
				CLANG_ENABLE_OBJC_ARC = YES;
				"CODE_SIGN_IDENTITY[sdk=iphoneos*]" = "iPhone Developer";
				FRAMEWORK_SEARCH_PATHS = (
					"$(inherited)",
					"\"$(SRCROOT)/External\"",
				);
				GCC_PRECOMPILE_PREFIX_HEADER = YES;
				GCC_PREFIX_HEADER = "Tests/Tests-Prefix.pch";
				INFOPLIST_FILE = "Tests/Tests-Info.plist";
				IPHONEOS_DEPLOYMENT_TARGET = 5.0;
				OTHER_LDFLAGS = (
					"-ObjC",
					"-all_load",
				);
				PRODUCT_NAME = Tests;
				WRAPPER_EXTENSION = app;
			};
			name = Release;
		};
		1C7666BE15B9403E002C3F6C /* Debug */ = {
			isa = XCBuildConfiguration;
			buildSettings = {
				CLANG_CXX_LANGUAGE_STANDARD = "gnu++0x";
				CLANG_ENABLE_OBJC_ARC = YES;
				CLANG_WARN__DUPLICATE_METHOD_MATCH = YES;
				COPY_PHASE_STRIP = NO;
				DEAD_CODE_STRIPPING = NO;
				DSTROOT = /tmp/GGTools.dst;
				GCC_PRECOMPILE_PREFIX_HEADER = YES;
				GCC_PREFIX_HEADER = "GGTools/GGTools-Prefix.pch";
				IPHONEOS_DEPLOYMENT_TARGET = 5.0;
				OTHER_LDFLAGS = "-ObjC";
				PRODUCT_NAME = "$(TARGET_NAME)";
				PUBLIC_HEADERS_FOLDER_PATH = "$(TARGET_NAME)Headers";
				SKIP_INSTALL = YES;
				STRIP_STYLE = "non-global";
			};
			name = Debug;
		};
		1C7666BF15B9403E002C3F6C /* Release */ = {
			isa = XCBuildConfiguration;
			buildSettings = {
				CLANG_CXX_LANGUAGE_STANDARD = "gnu++0x";
				CLANG_ENABLE_OBJC_ARC = YES;
				CLANG_WARN__DUPLICATE_METHOD_MATCH = YES;
				COPY_PHASE_STRIP = NO;
				DEAD_CODE_STRIPPING = NO;
				DSTROOT = /tmp/GGTools.dst;
				GCC_PRECOMPILE_PREFIX_HEADER = YES;
				GCC_PREFIX_HEADER = "GGTools/GGTools-Prefix.pch";
				IPHONEOS_DEPLOYMENT_TARGET = 5.0;
				OTHER_LDFLAGS = "-ObjC";
				PRODUCT_NAME = "$(TARGET_NAME)";
				PUBLIC_HEADERS_FOLDER_PATH = "$(TARGET_NAME)Headers";
				SKIP_INSTALL = YES;
				STRIP_STYLE = "non-global";
			};
			name = Release;
		};
		1C7666EB15B947F4002C3F6C /* Debug */ = {
			isa = XCBuildConfiguration;
			buildSettings = {
				IPHONEOS_DEPLOYMENT_TARGET = 5.0;
				PRODUCT_NAME = "$(TARGET_NAME)";
			};
			name = Debug;
		};
		1C7666EC15B947F4002C3F6C /* Release */ = {
			isa = XCBuildConfiguration;
			buildSettings = {
				IPHONEOS_DEPLOYMENT_TARGET = 5.0;
				PRODUCT_NAME = "$(TARGET_NAME)";
			};
			name = Release;
		};
		1CC3949215BE663D001AB225 /* Debug */ = {
			isa = XCBuildConfiguration;
			buildSettings = {
				PRODUCT_NAME = "$(TARGET_NAME)";
			};
			name = Debug;
		};
		1CC3949315BE663D001AB225 /* Release */ = {
			isa = XCBuildConfiguration;
			buildSettings = {
				PRODUCT_NAME = "$(TARGET_NAME)";
			};
			name = Release;
		};
/* End XCBuildConfiguration section */

/* Begin XCConfigurationList section */
		1C087AA01580FB1D001C4060 /* Build configuration list for PBXProject "GGFramework" */ = {
			isa = XCConfigurationList;
			buildConfigurations = (
				1C087ABC1580FB1E001C4060 /* Debug */,
				1C087ABD1580FB1E001C4060 /* Release */,
			);
			defaultConfigurationIsVisible = 0;
			defaultConfigurationName = Release;
		};
		1C087AD61580FB66001C4060 /* Build configuration list for PBXNativeTarget "Tests" */ = {
			isa = XCConfigurationList;
			buildConfigurations = (
				1C087AD71580FB66001C4060 /* Debug */,
				1C087AD81580FB66001C4060 /* Release */,
			);
			defaultConfigurationIsVisible = 0;
			defaultConfigurationName = Release;
		};
		1C7666C015B9403E002C3F6C /* Build configuration list for PBXNativeTarget "GGTools" */ = {
			isa = XCConfigurationList;
			buildConfigurations = (
				1C7666BE15B9403E002C3F6C /* Debug */,
				1C7666BF15B9403E002C3F6C /* Release */,
			);
			defaultConfigurationIsVisible = 0;
			defaultConfigurationName = Release;
		};
		1C7666EA15B947F4002C3F6C /* Build configuration list for PBXAggregateTarget "Framework" */ = {
			isa = XCConfigurationList;
			buildConfigurations = (
				1C7666EB15B947F4002C3F6C /* Debug */,
				1C7666EC15B947F4002C3F6C /* Release */,
			);
			defaultConfigurationIsVisible = 0;
			defaultConfigurationName = Release;
		};
		1CC3949415BE663D001AB225 /* Build configuration list for PBXAggregateTarget "Version" */ = {
			isa = XCConfigurationList;
			buildConfigurations = (
				1CC3949215BE663D001AB225 /* Debug */,
				1CC3949315BE663D001AB225 /* Release */,
			);
			defaultConfigurationIsVisible = 0;
			defaultConfigurationName = Release;
		};
/* End XCConfigurationList section */

/* Begin XCVersionGroup section */
		1C46286E16663551001FAE72 /* TestModel.xcdatamodeld */ = {
			isa = XCVersionGroup;
			children = (
				1C46286F16663551001FAE72 /* TestModel.xcdatamodel */,
			);
			currentVersion = 1C46286F16663551001FAE72 /* TestModel.xcdatamodel */;
			path = TestModel.xcdatamodeld;
			sourceTree = "<group>";
			versionGroupType = wrapper.xcdatamodel;
		};
/* End XCVersionGroup section */
	};
	rootObject = 1C087A9D1580FB1D001C4060 /* Project object */;
}
